// !$*UTF8*$!
{
	archiveVersion = 1;
	classes = {
	};
	objectVersion = 55;
	objects = {

/* Begin PBXBuildFile section */
		235A526727AAB2A00008A8A0 /* asteroidSpawner.cpp in Sources */ = {isa = PBXBuildFile; fileRef = 235A526527AAB29F0008A8A0 /* asteroidSpawner.cpp */; };
		235A526927AD25440008A8A0 /* asteroid-hit.png in CopyFiles */ = {isa = PBXBuildFile; fileRef = 235A526827AD253C0008A8A0 /* asteroid-hit.png */; };
		235A526B27AD49B50008A8A0 /* background.jpeg in CopyFiles */ = {isa = PBXBuildFile; fileRef = 235A526A27AD48D60008A8A0 /* background.jpeg */; };
		235A526F27AFD7090008A8A0 /* image.cpp in Sources */ = {isa = PBXBuildFile; fileRef = 235A526D27AFD7090008A8A0 /* image.cpp */; };
		23A933B227864EA800769F69 /* sprite.cpp in Sources */ = {isa = PBXBuildFile; fileRef = 23A933AD27864EA700769F69 /* sprite.cpp */; };
		23A933B327864EA800769F69 /* aminatedSprite.cpp in Sources */ = {isa = PBXBuildFile; fileRef = 23A933AE27864EA700769F69 /* aminatedSprite.cpp */; };
		23A933B527864EA800769F69 /* gameEngine.cpp in Sources */ = {isa = PBXBuildFile; fileRef = 23A933B127864EA700769F69 /* gameEngine.cpp */; };
		23A933BB2788407F00769F69 /* keyboardHandler.cpp in Sources */ = {isa = PBXBuildFile; fileRef = 23A933B92788407F00769F69 /* keyboardHandler.cpp */; };
		23A933BE2788B4EC00769F69 /* ship.cpp in Sources */ = {isa = PBXBuildFile; fileRef = 23A933BC2788B4EC00769F69 /* ship.cpp */; };
		23A933F42790187300769F69 /* animation.cpp in Sources */ = {isa = PBXBuildFile; fileRef = 23A933F22790187300769F69 /* animation.cpp */; };
		23B177A127A3E3160094B178 /* ship.hpp in Sources */ = {isa = PBXBuildFile; fileRef = 23A933BD2788B4EC00769F69 /* ship.hpp */; };
		23B177A227A3E3160094B178 /* shipEventListener.hpp in Sources */ = {isa = PBXBuildFile; fileRef = 2350E82D279976840017F7C3 /* shipEventListener.hpp */; };
		23B177A327A3E3160094B178 /* bullet.hpp in Sources */ = {isa = PBXBuildFile; fileRef = 23E5E2F4279A979100B62583 /* bullet.hpp */; };
		23B177A427A3E3160094B178 /* direction.hpp in Sources */ = {isa = PBXBuildFile; fileRef = 23E5E2F8279ABCF900B62583 /* direction.hpp */; };
		23B177A527A3E3160094B178 /* asteroid.hpp in Sources */ = {isa = PBXBuildFile; fileRef = 23E5E2FF27A302DD00B62583 /* asteroid.hpp */; };
		23B177A627A3E3160094B178 /* animatedSprite.hpp in Sources */ = {isa = PBXBuildFile; fileRef = 23A933AC27864EA700769F69 /* animatedSprite.hpp */; };
		23B177A727A3E3160094B178 /* animation.hpp in Sources */ = {isa = PBXBuildFile; fileRef = 23A933F32790187300769F69 /* animation.hpp */; };
		23B177A827A3E3160094B178 /* sprite.hpp in Sources */ = {isa = PBXBuildFile; fileRef = 23D5C7E827847B6200C6C916 /* sprite.hpp */; };
		23B177A927A3E3160094B178 /* keyListener.hpp in Sources */ = {isa = PBXBuildFile; fileRef = 23A933B72787617D00769F69 /* keyListener.hpp */; };
		23B177AA27A3E3160094B178 /* keyboardHandler.hpp in Sources */ = {isa = PBXBuildFile; fileRef = 23A933BA2788407F00769F69 /* keyboardHandler.hpp */; };
		23D5C7C527832B5600C6C916 /* gameEngine.hpp in Sources */ = {isa = PBXBuildFile; fileRef = 23D5C7C427832B5600C6C916 /* gameEngine.hpp */; };
		23D5C7DD27833CFD00C6C916 /* libsfml-audio.2.5.1.dylib in Frameworks */ = {isa = PBXBuildFile; fileRef = 23D5C7D827833CFD00C6C916 /* libsfml-audio.2.5.1.dylib */; };
		23D5C7DE27833CFD00C6C916 /* libsfml-graphics.2.5.1.dylib in Frameworks */ = {isa = PBXBuildFile; fileRef = 23D5C7D927833CFD00C6C916 /* libsfml-graphics.2.5.1.dylib */; };
		23D5C7DF27833CFD00C6C916 /* libsfml-network.2.5.1.dylib in Frameworks */ = {isa = PBXBuildFile; fileRef = 23D5C7DA27833CFD00C6C916 /* libsfml-network.2.5.1.dylib */; };
		23D5C7E027833CFD00C6C916 /* libsfml-system.2.5.1.dylib in Frameworks */ = {isa = PBXBuildFile; fileRef = 23D5C7DB27833CFD00C6C916 /* libsfml-system.2.5.1.dylib */; };
		23D5C7E127833CFD00C6C916 /* libsfml-window.2.5.1.dylib in Frameworks */ = {isa = PBXBuildFile; fileRef = 23D5C7DC27833CFD00C6C916 /* libsfml-window.2.5.1.dylib */; };
		23D5C7E32783432F00C6C916 /* game.cpp in Sources */ = {isa = PBXBuildFile; fileRef = 23D5C7E22783432F00C6C916 /* game.cpp */; };
		23E5E2F5279A979100B62583 /* bullet.cpp in Sources */ = {isa = PBXBuildFile; fileRef = 23E5E2F3279A979100B62583 /* bullet.cpp */; };
		23E5E2F7279A9C2900B62583 /* bullet.png in CopyFiles */ = {isa = PBXBuildFile; fileRef = 23E5E2F6279A9C1E00B62583 /* bullet.png */; };
		23E5E2FB279C208400B62583 /* spaceship.png in CopyFiles */ = {isa = PBXBuildFile; fileRef = 23E5E2FA279C207B00B62583 /* spaceship.png */; };
		23E5E2FD27A302C700B62583 /* asteroid.png in CopyFiles */ = {isa = PBXBuildFile; fileRef = 23E5E2FC27A302C000B62583 /* asteroid.png */; };
		23E5E30027A302DD00B62583 /* asteroid.cpp in Sources */ = {isa = PBXBuildFile; fileRef = 23E5E2FE27A302DD00B62583 /* asteroid.cpp */; };
/* End PBXBuildFile section */

/* Begin PBXCopyFilesBuildPhase section */
		23D5C7BF27832B5600C6C916 /* CopyFiles */ = {
			isa = PBXCopyFilesBuildPhase;
			buildActionMask = 12;
			dstPath = "";
			dstSubfolderSpec = 7;
			files = (
				235A526B27AD49B50008A8A0 /* background.jpeg in CopyFiles */,
				235A526927AD25440008A8A0 /* asteroid-hit.png in CopyFiles */,
				23E5E2FD27A302C700B62583 /* asteroid.png in CopyFiles */,
				23E5E2FB279C208400B62583 /* spaceship.png in CopyFiles */,
				23E5E2F7279A9C2900B62583 /* bullet.png in CopyFiles */,
			);
			runOnlyForDeploymentPostprocessing = 0;
		};
/* End PBXCopyFilesBuildPhase section */

/* Begin PBXFileReference section */
		2350E82D279976840017F7C3 /* shipEventListener.hpp */ = {isa = PBXFileReference; lastKnownFileType = sourcecode.cpp.h; path = shipEventListener.hpp; sourceTree = "<group>"; };
		235A526227A959110008A8A0 /* geo2D.hpp */ = {isa = PBXFileReference; lastKnownFileType = sourcecode.cpp.h; path = geo2D.hpp; sourceTree = "<group>"; };
		235A526327A959790008A8A0 /* vector2D.hpp */ = {isa = PBXFileReference; lastKnownFileType = sourcecode.cpp.h; path = vector2D.hpp; sourceTree = "<group>"; };
		235A526427AA81180008A8A0 /* timing.hpp */ = {isa = PBXFileReference; lastKnownFileType = sourcecode.cpp.h; path = timing.hpp; sourceTree = "<group>"; };
		235A526527AAB29F0008A8A0 /* asteroidSpawner.cpp */ = {isa = PBXFileReference; lastKnownFileType = sourcecode.cpp.cpp; path = asteroidSpawner.cpp; sourceTree = "<group>"; };
		235A526627AAB29F0008A8A0 /* asteroidSpawner.hpp */ = {isa = PBXFileReference; lastKnownFileType = sourcecode.cpp.h; path = asteroidSpawner.hpp; sourceTree = "<group>"; };
		235A526827AD253C0008A8A0 /* asteroid-hit.png */ = {isa = PBXFileReference; lastKnownFileType = image.png; path = "asteroid-hit.png"; sourceTree = "<group>"; };
		235A526A27AD48D60008A8A0 /* background.jpeg */ = {isa = PBXFileReference; lastKnownFileType = image.jpeg; path = background.jpeg; sourceTree = "<group>"; };
		235A526C27AD72E00008A8A0 /* mathUtils.hpp */ = {isa = PBXFileReference; lastKnownFileType = sourcecode.cpp.h; path = mathUtils.hpp; sourceTree = "<group>"; };
		235A526D27AFD7090008A8A0 /* image.cpp */ = {isa = PBXFileReference; lastKnownFileType = sourcecode.cpp.cpp; path = image.cpp; sourceTree = "<group>"; };
		235A526E27AFD7090008A8A0 /* image.hpp */ = {isa = PBXFileReference; lastKnownFileType = sourcecode.cpp.h; path = image.hpp; sourceTree = "<group>"; };
		235A527827B00C760008A8A0 /* spriteCache.hpp */ = {isa = PBXFileReference; lastKnownFileType = sourcecode.cpp.h; path = spriteCache.hpp; sourceTree = "<group>"; };
		23A933AC27864EA700769F69 /* animatedSprite.hpp */ = {isa = PBXFileReference; fileEncoding = 4; lastKnownFileType = sourcecode.cpp.h; path = animatedSprite.hpp; sourceTree = "<group>"; };
		23A933AD27864EA700769F69 /* sprite.cpp */ = {isa = PBXFileReference; fileEncoding = 4; lastKnownFileType = sourcecode.cpp.cpp; path = sprite.cpp; sourceTree = "<group>"; };
		23A933AE27864EA700769F69 /* aminatedSprite.cpp */ = {isa = PBXFileReference; fileEncoding = 4; lastKnownFileType = sourcecode.cpp.cpp; path = aminatedSprite.cpp; sourceTree = "<group>"; };
		23A933B127864EA700769F69 /* gameEngine.cpp */ = {isa = PBXFileReference; fileEncoding = 4; lastKnownFileType = sourcecode.cpp.cpp; path = gameEngine.cpp; sourceTree = "<group>"; };
		23A933B72787617D00769F69 /* keyListener.hpp */ = {isa = PBXFileReference; lastKnownFileType = sourcecode.cpp.h; path = keyListener.hpp; sourceTree = "<group>"; };
		23A933B92788407F00769F69 /* keyboardHandler.cpp */ = {isa = PBXFileReference; lastKnownFileType = sourcecode.cpp.cpp; path = keyboardHandler.cpp; sourceTree = "<group>"; };
		23A933BA2788407F00769F69 /* keyboardHandler.hpp */ = {isa = PBXFileReference; lastKnownFileType = sourcecode.cpp.h; path = keyboardHandler.hpp; sourceTree = "<group>"; };
		23A933BC2788B4EC00769F69 /* ship.cpp */ = {isa = PBXFileReference; lastKnownFileType = sourcecode.cpp.cpp; path = ship.cpp; sourceTree = "<group>"; };
		23A933BD2788B4EC00769F69 /* ship.hpp */ = {isa = PBXFileReference; lastKnownFileType = sourcecode.cpp.h; path = ship.hpp; sourceTree = "<group>"; };
		23A933F22790187300769F69 /* animation.cpp */ = {isa = PBXFileReference; lastKnownFileType = sourcecode.cpp.cpp; path = animation.cpp; sourceTree = "<group>"; };
		23A933F32790187300769F69 /* animation.hpp */ = {isa = PBXFileReference; lastKnownFileType = sourcecode.cpp.h; path = animation.hpp; sourceTree = "<group>"; };
		23D5C7C127832B5600C6C916 /* game-engine */ = {isa = PBXFileReference; explicitFileType = "compiled.mach-o.executable"; includeInIndex = 0; path = "game-engine"; sourceTree = BUILT_PRODUCTS_DIR; };
		23D5C7C427832B5600C6C916 /* gameEngine.hpp */ = {isa = PBXFileReference; lastKnownFileType = sourcecode.cpp.h; path = gameEngine.hpp; sourceTree = "<group>"; };
		23D5C7D827833CFD00C6C916 /* libsfml-audio.2.5.1.dylib */ = {isa = PBXFileReference; lastKnownFileType = "compiled.mach-o.dylib"; name = "libsfml-audio.2.5.1.dylib"; path = "External Libraries/SFML/lib/libsfml-audio.2.5.1.dylib"; sourceTree = "<group>"; };
		23D5C7D927833CFD00C6C916 /* libsfml-graphics.2.5.1.dylib */ = {isa = PBXFileReference; lastKnownFileType = "compiled.mach-o.dylib"; name = "libsfml-graphics.2.5.1.dylib"; path = "External Libraries/SFML/lib/libsfml-graphics.2.5.1.dylib"; sourceTree = "<group>"; };
		23D5C7DA27833CFD00C6C916 /* libsfml-network.2.5.1.dylib */ = {isa = PBXFileReference; lastKnownFileType = "compiled.mach-o.dylib"; name = "libsfml-network.2.5.1.dylib"; path = "External Libraries/SFML/lib/libsfml-network.2.5.1.dylib"; sourceTree = "<group>"; };
		23D5C7DB27833CFD00C6C916 /* libsfml-system.2.5.1.dylib */ = {isa = PBXFileReference; lastKnownFileType = "compiled.mach-o.dylib"; name = "libsfml-system.2.5.1.dylib"; path = "External Libraries/SFML/lib/libsfml-system.2.5.1.dylib"; sourceTree = "<group>"; };
		23D5C7DC27833CFD00C6C916 /* libsfml-window.2.5.1.dylib */ = {isa = PBXFileReference; lastKnownFileType = "compiled.mach-o.dylib"; name = "libsfml-window.2.5.1.dylib"; path = "External Libraries/SFML/lib/libsfml-window.2.5.1.dylib"; sourceTree = "<group>"; };
		23D5C7E22783432F00C6C916 /* game.cpp */ = {isa = PBXFileReference; lastKnownFileType = sourcecode.cpp.cpp; path = game.cpp; sourceTree = "<group>"; };
		23D5C7E827847B6200C6C916 /* sprite.hpp */ = {isa = PBXFileReference; lastKnownFileType = sourcecode.cpp.h; path = sprite.hpp; sourceTree = "<group>"; };
		23E5E2F3279A979100B62583 /* bullet.cpp */ = {isa = PBXFileReference; lastKnownFileType = sourcecode.cpp.cpp; path = bullet.cpp; sourceTree = "<group>"; };
		23E5E2F4279A979100B62583 /* bullet.hpp */ = {isa = PBXFileReference; lastKnownFileType = sourcecode.cpp.h; path = bullet.hpp; sourceTree = "<group>"; };
		23E5E2F6279A9C1E00B62583 /* bullet.png */ = {isa = PBXFileReference; lastKnownFileType = image.png; path = bullet.png; sourceTree = "<group>"; };
		23E5E2F8279ABCF900B62583 /* direction.hpp */ = {isa = PBXFileReference; lastKnownFileType = sourcecode.cpp.h; path = direction.hpp; sourceTree = "<group>"; };
		23E5E2FA279C207B00B62583 /* spaceship.png */ = {isa = PBXFileReference; lastKnownFileType = image.png; path = spaceship.png; sourceTree = "<group>"; };
		23E5E2FC27A302C000B62583 /* asteroid.png */ = {isa = PBXFileReference; lastKnownFileType = image.png; path = asteroid.png; sourceTree = "<group>"; };
		23E5E2FE27A302DD00B62583 /* asteroid.cpp */ = {isa = PBXFileReference; lastKnownFileType = sourcecode.cpp.cpp; path = asteroid.cpp; sourceTree = "<group>"; };
		23E5E2FF27A302DD00B62583 /* asteroid.hpp */ = {isa = PBXFileReference; lastKnownFileType = sourcecode.cpp.h; path = asteroid.hpp; sourceTree = "<group>"; };
/* End PBXFileReference section */

/* Begin PBXFrameworksBuildPhase section */
		23D5C7BE27832B5600C6C916 /* Frameworks */ = {
			isa = PBXFrameworksBuildPhase;
			buildActionMask = 2147483647;
			files = (
				23D5C7DD27833CFD00C6C916 /* libsfml-audio.2.5.1.dylib in Frameworks */,
				23D5C7DE27833CFD00C6C916 /* libsfml-graphics.2.5.1.dylib in Frameworks */,
				23D5C7DF27833CFD00C6C916 /* libsfml-network.2.5.1.dylib in Frameworks */,
				23D5C7E027833CFD00C6C916 /* libsfml-system.2.5.1.dylib in Frameworks */,
				23D5C7E127833CFD00C6C916 /* libsfml-window.2.5.1.dylib in Frameworks */,
			);
			runOnlyForDeploymentPostprocessing = 0;
		};
/* End PBXFrameworksBuildPhase section */

/* Begin PBXGroup section */
		23D5C7B827832B5600C6C916 = {
			isa = PBXGroup;
			children = (
				23D5C7E727847B3000C6C916 /* game */,
				23D5C7E4278357D400C6C916 /* assets */,
				23D5C7C327832B5600C6C916 /* game-engine */,
				23D5C7C227832B5600C6C916 /* Products */,
				23D5C7CB27832BE500C6C916 /* Frameworks */,
			);
			sourceTree = "<group>";
		};
		23D5C7C227832B5600C6C916 /* Products */ = {
			isa = PBXGroup;
			children = (
				23D5C7C127832B5600C6C916 /* game-engine */,
			);
			name = Products;
			sourceTree = "<group>";
		};
		23D5C7C327832B5600C6C916 /* game-engine */ = {
			isa = PBXGroup;
			children = (
				23A933AE27864EA700769F69 /* aminatedSprite.cpp */,
				23A933AC27864EA700769F69 /* animatedSprite.hpp */,
				23A933F22790187300769F69 /* animation.cpp */,
				23A933F32790187300769F69 /* animation.hpp */,
				23A933B127864EA700769F69 /* gameEngine.cpp */,
				23D5C7C427832B5600C6C916 /* gameEngine.hpp */,
				235A526227A959110008A8A0 /* geo2D.hpp */,
				235A526D27AFD7090008A8A0 /* image.cpp */,
				235A526E27AFD7090008A8A0 /* image.hpp */,
				23A933B92788407F00769F69 /* keyboardHandler.cpp */,
				23A933BA2788407F00769F69 /* keyboardHandler.hpp */,
				23A933B72787617D00769F69 /* keyListener.hpp */,
				235A526C27AD72E00008A8A0 /* mathUtils.hpp */,
				23A933AD27864EA700769F69 /* sprite.cpp */,
				23D5C7E827847B6200C6C916 /* sprite.hpp */,
				235A527827B00C760008A8A0 /* spriteCache.hpp */,
				235A526427AA81180008A8A0 /* timing.hpp */,
				235A526327A959790008A8A0 /* vector2D.hpp */,
			);
			path = "game-engine";
			sourceTree = "<group>";
		};
		23D5C7CB27832BE500C6C916 /* Frameworks */ = {
			isa = PBXGroup;
			children = (
				23D5C7D827833CFD00C6C916 /* libsfml-audio.2.5.1.dylib */,
				23D5C7D927833CFD00C6C916 /* libsfml-graphics.2.5.1.dylib */,
				23D5C7DA27833CFD00C6C916 /* libsfml-network.2.5.1.dylib */,
				23D5C7DB27833CFD00C6C916 /* libsfml-system.2.5.1.dylib */,
				23D5C7DC27833CFD00C6C916 /* libsfml-window.2.5.1.dylib */,
			);
			name = Frameworks;
			sourceTree = "<group>";
		};
		23D5C7E4278357D400C6C916 /* assets */ = {
			isa = PBXGroup;
			children = (
				235A526A27AD48D60008A8A0 /* background.jpeg */,
				235A526827AD253C0008A8A0 /* asteroid-hit.png */,
				23E5E2FC27A302C000B62583 /* asteroid.png */,
				23E5E2FA279C207B00B62583 /* spaceship.png */,
				23E5E2F6279A9C1E00B62583 /* bullet.png */,
			);
			path = assets;
			sourceTree = "<group>";
		};
		23D5C7E727847B3000C6C916 /* game */ = {
			isa = PBXGroup;
			children = (
				23E5E2FE27A302DD00B62583 /* asteroid.cpp */,
				23E5E2FF27A302DD00B62583 /* asteroid.hpp */,
				235A526527AAB29F0008A8A0 /* asteroidSpawner.cpp */,
				235A526627AAB29F0008A8A0 /* asteroidSpawner.hpp */,
				23E5E2F3279A979100B62583 /* bullet.cpp */,
				23E5E2F4279A979100B62583 /* bullet.hpp */,
				23E5E2F8279ABCF900B62583 /* direction.hpp */,
				23D5C7E22783432F00C6C916 /* game.cpp */,
				23A933BC2788B4EC00769F69 /* ship.cpp */,
				23A933BD2788B4EC00769F69 /* ship.hpp */,
				2350E82D279976840017F7C3 /* shipEventListener.hpp */,
			);
			path = game;
			sourceTree = "<group>";
		};
/* End PBXGroup section */

/* Begin PBXNativeTarget section */
		23D5C7C027832B5600C6C916 /* game-engine */ = {
			isa = PBXNativeTarget;
			buildConfigurationList = 23D5C7C827832B5600C6C916 /* Build configuration list for PBXNativeTarget "game-engine" */;
			buildPhases = (
				23D5C7BD27832B5600C6C916 /* Sources */,
				23D5C7BE27832B5600C6C916 /* Frameworks */,
				23D5C7BF27832B5600C6C916 /* CopyFiles */,
			);
			buildRules = (
			);
			dependencies = (
			);
			name = "game-engine";
			productName = "game-engine";
			productReference = 23D5C7C127832B5600C6C916 /* game-engine */;
			productType = "com.apple.product-type.tool";
		};
/* End PBXNativeTarget section */

/* Begin PBXProject section */
		23D5C7B927832B5600C6C916 /* Project object */ = {
			isa = PBXProject;
			attributes = {
				BuildIndependentTargetsInParallel = 1;
				LastUpgradeCheck = 1320;
				TargetAttributes = {
					23D5C7C027832B5600C6C916 = {
						CreatedOnToolsVersion = 13.2.1;
					};
				};
			};
			buildConfigurationList = 23D5C7BC27832B5600C6C916 /* Build configuration list for PBXProject "game-engine" */;
			compatibilityVersion = "Xcode 13.0";
			developmentRegion = en;
			hasScannedForEncodings = 0;
			knownRegions = (
				en,
				Base,
			);
			mainGroup = 23D5C7B827832B5600C6C916;
			productRefGroup = 23D5C7C227832B5600C6C916 /* Products */;
			projectDirPath = "";
			projectRoot = "";
			targets = (
				23D5C7C027832B5600C6C916 /* game-engine */,
			);
		};
/* End PBXProject section */

/* Begin PBXSourcesBuildPhase section */
		23D5C7BD27832B5600C6C916 /* Sources */ = {
			isa = PBXSourcesBuildPhase;
			buildActionMask = 2147483647;
			files = (
				235A526F27AFD7090008A8A0 /* image.cpp in Sources */,
				23B177A127A3E3160094B178 /* ship.hpp in Sources */,
				23B177A227A3E3160094B178 /* shipEventListener.hpp in Sources */,
				23B177A327A3E3160094B178 /* bullet.hpp in Sources */,
				23B177A427A3E3160094B178 /* direction.hpp in Sources */,
				23B177A527A3E3160094B178 /* asteroid.hpp in Sources */,
				23B177A627A3E3160094B178 /* animatedSprite.hpp in Sources */,
				23B177A727A3E3160094B178 /* animation.hpp in Sources */,
				23B177A827A3E3160094B178 /* sprite.hpp in Sources */,
				23B177A927A3E3160094B178 /* keyListener.hpp in Sources */,
				235A526727AAB2A00008A8A0 /* asteroidSpawner.cpp in Sources */,
				23B177AA27A3E3160094B178 /* keyboardHandler.hpp in Sources */,
				23E5E30027A302DD00B62583 /* asteroid.cpp in Sources */,
				23A933BE2788B4EC00769F69 /* ship.cpp in Sources */,
				23E5E2F5279A979100B62583 /* bullet.cpp in Sources */,
				23D5C7C527832B5600C6C916 /* gameEngine.hpp in Sources */,
				23A933B527864EA800769F69 /* gameEngine.cpp in Sources */,
				23D5C7E32783432F00C6C916 /* game.cpp in Sources */,
				23A933B327864EA800769F69 /* aminatedSprite.cpp in Sources */,
				23A933BB2788407F00769F69 /* keyboardHandler.cpp in Sources */,
				23A933B227864EA800769F69 /* sprite.cpp in Sources */,
				23A933F42790187300769F69 /* animation.cpp in Sources */,
			);
			runOnlyForDeploymentPostprocessing = 0;
		};
/* End PBXSourcesBuildPhase section */

/* Begin XCBuildConfiguration section */
		23D5C7C627832B5600C6C916 /* Debug */ = {
			isa = XCBuildConfiguration;
			buildSettings = {
				ALWAYS_SEARCH_USER_PATHS = NO;
				CLANG_ANALYZER_NONNULL = YES;
				CLANG_ANALYZER_NUMBER_OBJECT_CONVERSION = YES_AGGRESSIVE;
				CLANG_CXX_LANGUAGE_STANDARD = "gnu++17";
				CLANG_CXX_LIBRARY = "libc++";
				CLANG_ENABLE_MODULES = YES;
				CLANG_ENABLE_OBJC_ARC = YES;
				CLANG_ENABLE_OBJC_WEAK = YES;
				CLANG_WARN_BLOCK_CAPTURE_AUTORELEASING = YES;
				CLANG_WARN_BOOL_CONVERSION = YES;
				CLANG_WARN_COMMA = YES;
				CLANG_WARN_CONSTANT_CONVERSION = YES;
				CLANG_WARN_DEPRECATED_OBJC_IMPLEMENTATIONS = YES;
				CLANG_WARN_DIRECT_OBJC_ISA_USAGE = YES_ERROR;
				CLANG_WARN_DOCUMENTATION_COMMENTS = YES;
				CLANG_WARN_EMPTY_BODY = YES;
				CLANG_WARN_ENUM_CONVERSION = YES;
				CLANG_WARN_INFINITE_RECURSION = YES;
				CLANG_WARN_INT_CONVERSION = YES;
				CLANG_WARN_NON_LITERAL_NULL_CONVERSION = YES;
				CLANG_WARN_OBJC_IMPLICIT_RETAIN_SELF = YES;
				CLANG_WARN_OBJC_LITERAL_CONVERSION = YES;
				CLANG_WARN_OBJC_ROOT_CLASS = YES_ERROR;
				CLANG_WARN_QUOTED_INCLUDE_IN_FRAMEWORK_HEADER = YES;
				CLANG_WARN_RANGE_LOOP_ANALYSIS = YES;
				CLANG_WARN_STRICT_PROTOTYPES = YES;
				CLANG_WARN_SUSPICIOUS_MOVE = YES;
				CLANG_WARN_UNGUARDED_AVAILABILITY = YES_AGGRESSIVE;
				CLANG_WARN_UNREACHABLE_CODE = YES;
				CLANG_WARN__DUPLICATE_METHOD_MATCH = YES;
				COPY_PHASE_STRIP = NO;
				DEBUG_INFORMATION_FORMAT = dwarf;
				ENABLE_STRICT_OBJC_MSGSEND = YES;
				ENABLE_TESTABILITY = YES;
				GCC_C_LANGUAGE_STANDARD = gnu11;
				GCC_DYNAMIC_NO_PIC = NO;
				GCC_NO_COMMON_BLOCKS = YES;
				GCC_OPTIMIZATION_LEVEL = 0;
				GCC_PREPROCESSOR_DEFINITIONS = (
					"DEBUG=1",
					"$(inherited)",
				);
				GCC_WARN_64_TO_32_BIT_CONVERSION = YES;
				GCC_WARN_ABOUT_RETURN_TYPE = YES_ERROR;
				GCC_WARN_UNDECLARED_SELECTOR = YES;
				GCC_WARN_UNINITIALIZED_AUTOS = YES_AGGRESSIVE;
				GCC_WARN_UNUSED_FUNCTION = YES;
				GCC_WARN_UNUSED_VARIABLE = YES;
				MACOSX_DEPLOYMENT_TARGET = 11.6;
				MTL_ENABLE_DEBUG_INFO = INCLUDE_SOURCE;
				MTL_FAST_MATH = YES;
				ONLY_ACTIVE_ARCH = YES;
				SDKROOT = macosx;
			};
			name = Debug;
		};
		23D5C7C727832B5600C6C916 /* Release */ = {
			isa = XCBuildConfiguration;
			buildSettings = {
				ALWAYS_SEARCH_USER_PATHS = NO;
				CLANG_ANALYZER_NONNULL = YES;
				CLANG_ANALYZER_NUMBER_OBJECT_CONVERSION = YES_AGGRESSIVE;
				CLANG_CXX_LANGUAGE_STANDARD = "gnu++17";
				CLANG_CXX_LIBRARY = "libc++";
				CLANG_ENABLE_MODULES = YES;
				CLANG_ENABLE_OBJC_ARC = YES;
				CLANG_ENABLE_OBJC_WEAK = YES;
				CLANG_WARN_BLOCK_CAPTURE_AUTORELEASING = YES;
				CLANG_WARN_BOOL_CONVERSION = YES;
				CLANG_WARN_COMMA = YES;
				CLANG_WARN_CONSTANT_CONVERSION = YES;
				CLANG_WARN_DEPRECATED_OBJC_IMPLEMENTATIONS = YES;
				CLANG_WARN_DIRECT_OBJC_ISA_USAGE = YES_ERROR;
				CLANG_WARN_DOCUMENTATION_COMMENTS = YES;
				CLANG_WARN_EMPTY_BODY = YES;
				CLANG_WARN_ENUM_CONVERSION = YES;
				CLANG_WARN_INFINITE_RECURSION = YES;
				CLANG_WARN_INT_CONVERSION = YES;
				CLANG_WARN_NON_LITERAL_NULL_CONVERSION = YES;
				CLANG_WARN_OBJC_IMPLICIT_RETAIN_SELF = YES;
				CLANG_WARN_OBJC_LITERAL_CONVERSION = YES;
				CLANG_WARN_OBJC_ROOT_CLASS = YES_ERROR;
				CLANG_WARN_QUOTED_INCLUDE_IN_FRAMEWORK_HEADER = YES;
				CLANG_WARN_RANGE_LOOP_ANALYSIS = YES;
				CLANG_WARN_STRICT_PROTOTYPES = YES;
				CLANG_WARN_SUSPICIOUS_MOVE = YES;
				CLANG_WARN_UNGUARDED_AVAILABILITY = YES_AGGRESSIVE;
				CLANG_WARN_UNREACHABLE_CODE = YES;
				CLANG_WARN__DUPLICATE_METHOD_MATCH = YES;
				COPY_PHASE_STRIP = NO;
				DEBUG_INFORMATION_FORMAT = "dwarf-with-dsym";
				ENABLE_NS_ASSERTIONS = NO;
				ENABLE_STRICT_OBJC_MSGSEND = YES;
				GCC_C_LANGUAGE_STANDARD = gnu11;
				GCC_NO_COMMON_BLOCKS = YES;
				GCC_WARN_64_TO_32_BIT_CONVERSION = YES;
				GCC_WARN_ABOUT_RETURN_TYPE = YES_ERROR;
				GCC_WARN_UNDECLARED_SELECTOR = YES;
				GCC_WARN_UNINITIALIZED_AUTOS = YES_AGGRESSIVE;
				GCC_WARN_UNUSED_FUNCTION = YES;
				GCC_WARN_UNUSED_VARIABLE = YES;
				MACOSX_DEPLOYMENT_TARGET = 11.6;
				MTL_ENABLE_DEBUG_INFO = NO;
				MTL_FAST_MATH = YES;
				SDKROOT = macosx;
			};
			name = Release;
		};
		23D5C7C927832B5600C6C916 /* Debug */ = {
			isa = XCBuildConfiguration;
			buildSettings = {
				CODE_SIGN_STYLE = Automatic;
				HEADER_SEARCH_PATHS = "\"${SRCROOT}/External Libraries/SFML/include\"";
				LIBRARY_SEARCH_PATHS = (
					"$(inherited)",
					"\"${SRCROOT}/External Libraries/SFML/lib\"",
					"$(PROJECT_DIR)/External\\ Libraries/SFML/lib",
					"$(PROJECT_DIR)/External\\ Libraries/SFML/lib",
					"$(PROJECT_DIR)/External\\ Libraries/SFML/lib",
					"$(PROJECT_DIR)/External\\ Libraries/SFML/lib",
					"$(PROJECT_DIR)/External\\ Libraries/SFML/lib",
				);
				PRODUCT_NAME = "$(TARGET_NAME)";
			};
			name = Debug;
		};
		23D5C7CA27832B5600C6C916 /* Release */ = {
			isa = XCBuildConfiguration;
			buildSettings = {
				CODE_SIGN_STYLE = Automatic;
				HEADER_SEARCH_PATHS = "\"${SRCROOT}/External Libraries/SFML/include\"";
				LIBRARY_SEARCH_PATHS = (
					"$(inherited)",
					"\"${SRCROOT}/External Libraries/SFML/lib\"",
					"$(PROJECT_DIR)/External\\ Libraries/SFML/lib",
					"$(PROJECT_DIR)/External\\ Libraries/SFML/lib",
					"$(PROJECT_DIR)/External\\ Libraries/SFML/lib",
					"$(PROJECT_DIR)/External\\ Libraries/SFML/lib",
					"$(PROJECT_DIR)/External\\ Libraries/SFML/lib",
				);
				PRODUCT_NAME = "$(TARGET_NAME)";
			};
			name = Release;
		};
/* End XCBuildConfiguration section */

/* Begin XCConfigurationList section */
		23D5C7BC27832B5600C6C916 /* Build configuration list for PBXProject "game-engine" */ = {
			isa = XCConfigurationList;
			buildConfigurations = (
				23D5C7C627832B5600C6C916 /* Debug */,
				23D5C7C727832B5600C6C916 /* Release */,
			);
			defaultConfigurationIsVisible = 0;
			defaultConfigurationName = Release;
		};
		23D5C7C827832B5600C6C916 /* Build configuration list for PBXNativeTarget "game-engine" */ = {
			isa = XCConfigurationList;
			buildConfigurations = (
				23D5C7C927832B5600C6C916 /* Debug */,
				23D5C7CA27832B5600C6C916 /* Release */,
			);
			defaultConfigurationIsVisible = 0;
			defaultConfigurationName = Release;
		};
/* End XCConfigurationList section */
	};
	rootObject = 23D5C7B927832B5600C6C916 /* Project object */;
}
