// !$*UTF8*$!
{
	archiveVersion = 1;
	classes = {
	};
	objectVersion = 55;
	objects = {

/* Begin PBXBuildFile section */
		230D483E27B9177A001F6494 /* updateThread.cpp in Sources */ = {isa = PBXBuildFile; fileRef = 230D483C27B9177A001F6494 /* updateThread.cpp */; };
		2338646F27D634ED00DC54B4 /* platform-top-left.png in CopyFiles */ = {isa = PBXBuildFile; fileRef = 2338646E27D634E900DC54B4 /* platform-top-left.png */; };
		2338647027D634ED00DC54B4 /* platform-top-middle.png in CopyFiles */ = {isa = PBXBuildFile; fileRef = 2338646D27D634E900DC54B4 /* platform-top-middle.png */; };
		2338647127D634ED00DC54B4 /* platform-top-right.png in CopyFiles */ = {isa = PBXBuildFile; fileRef = 2338646C27D634E900DC54B4 /* platform-top-right.png */; };
		235A526727AAB2A00008A8A0 /* asteroidSpawner.cpp in Sources */ = {isa = PBXBuildFile; fileRef = 235A526527AAB29F0008A8A0 /* asteroidSpawner.cpp */; };
		235A526927AD25440008A8A0 /* asteroid-hit.png in CopyFiles */ = {isa = PBXBuildFile; fileRef = 235A526827AD253C0008A8A0 /* asteroid-hit.png */; };
		235A526B27AD49B50008A8A0 /* background.jpeg in CopyFiles */ = {isa = PBXBuildFile; fileRef = 235A526A27AD48D60008A8A0 /* background.jpeg */; };
		235A526F27AFD7090008A8A0 /* image.cpp in Sources */ = {isa = PBXBuildFile; fileRef = 235A526D27AFD7090008A8A0 /* image.cpp */; };
		235FEC1B27C6DF5B006306C9 /* mario.cpp in Sources */ = {isa = PBXBuildFile; fileRef = 235FEC1A27C6DF5B006306C9 /* mario.cpp */; };
		235FEC2027C6E1F6006306C9 /* character.cpp in Sources */ = {isa = PBXBuildFile; fileRef = 235FEC1E27C6E1F6006306C9 /* character.cpp */; };
		236D5A2027B2C5D4005183C5 /* spaceship-thrust1.png in CopyFiles */ = {isa = PBXBuildFile; fileRef = 236D5A1F27B2C5CC005183C5 /* spaceship-thrust1.png */; };
		236D5A2127B2C5D4005183C5 /* spaceship-thrust2.png in CopyFiles */ = {isa = PBXBuildFile; fileRef = 236D5A1E27B2C5CC005183C5 /* spaceship-thrust2.png */; };
		236D5A2727B565A7005183C5 /* sound.cpp in Sources */ = {isa = PBXBuildFile; fileRef = 236D5A2527B565A7005183C5 /* sound.cpp */; };
		236D5A2F27B56962005183C5 /* laser.ogg in CopyFiles */ = {isa = PBXBuildFile; fileRef = 236D5A2E27B5695C005183C5 /* laser.ogg */; };
		236D5A3127B5707F005183C5 /* hit.ogg in CopyFiles */ = {isa = PBXBuildFile; fileRef = 236D5A3027B57079005183C5 /* hit.ogg */; };
		236D5A3527B5794E005183C5 /* music.ogg in CopyFiles */ = {isa = PBXBuildFile; fileRef = 236D5A3427B5794A005183C5 /* music.ogg */; };
		236F0BA227C77D340063E19C /* drawable.cpp in Sources */ = {isa = PBXBuildFile; fileRef = 236F0BA127C77D340063E19C /* drawable.cpp */; };
		2394CC6127CC09DF00B62AC8 /* shape.cpp in Sources */ = {isa = PBXBuildFile; fileRef = 2394CC6027CC09DF00B62AC8 /* shape.cpp */; };
		2394CC6327CC0A2300B62AC8 /* rectangle.cpp in Sources */ = {isa = PBXBuildFile; fileRef = 2394CC6227CC0A2300B62AC8 /* rectangle.cpp */; };
		239F327827CE7706007D4E2C /* platform.cpp in Sources */ = {isa = PBXBuildFile; fileRef = 239F327627CE7706007D4E2C /* platform.cpp */; };
		239F327B27CF8293007D4E2C /* scrollingWorld.cpp in Sources */ = {isa = PBXBuildFile; fileRef = 239F327927CF8293007D4E2C /* scrollingWorld.cpp */; };
		239F328727D0CAC0007D4E2C /* block.png in CopyFiles */ = {isa = PBXBuildFile; fileRef = 239F328527D0CAB5007D4E2C /* block.png */; };
		239F328927D11A75007D4E2C /* floor.png in CopyFiles */ = {isa = PBXBuildFile; fileRef = 239F328827D11A6F007D4E2C /* floor.png */; };
		239F328C27D11A98007D4E2C /* floor.cpp in Sources */ = {isa = PBXBuildFile; fileRef = 239F328A27D11A98007D4E2C /* floor.cpp */; };
		239F32B827D3C487007D4E2C /* background-red-thingy-eyeopenleft.png in CopyFiles */ = {isa = PBXBuildFile; fileRef = 239F32B527D3C47E007D4E2C /* background-red-thingy-eyeopenleft.png */; };
		239F32B927D3C487007D4E2C /* background-red-thingy-eyeopenright.png in CopyFiles */ = {isa = PBXBuildFile; fileRef = 239F32B627D3C47E007D4E2C /* background-red-thingy-eyeopenright.png */; };
		239F32BA27D3C487007D4E2C /* background-red-thingy-eyesclosed.png in CopyFiles */ = {isa = PBXBuildFile; fileRef = 239F32B727D3C47E007D4E2C /* background-red-thingy-eyesclosed.png */; };
		239F335227D5ED36007D4E2C /* Chara_BlueWalk0.png in CopyFiles */ = {isa = PBXBuildFile; fileRef = 239F334527D5ED25007D4E2C /* Chara_BlueWalk0.png */; };
		239F335327D5ED36007D4E2C /* Chara_BlueWalk1.png in CopyFiles */ = {isa = PBXBuildFile; fileRef = 239F334D27D5ED25007D4E2C /* Chara_BlueWalk1.png */; };
		239F335427D5ED36007D4E2C /* Chara_BlueWalk2.png in CopyFiles */ = {isa = PBXBuildFile; fileRef = 239F334A27D5ED25007D4E2C /* Chara_BlueWalk2.png */; };
		239F335527D5ED36007D4E2C /* Chara_BlueWalk3.png in CopyFiles */ = {isa = PBXBuildFile; fileRef = 239F334927D5ED25007D4E2C /* Chara_BlueWalk3.png */; };
		239F335627D5ED36007D4E2C /* Chara_BlueWalk4.png in CopyFiles */ = {isa = PBXBuildFile; fileRef = 239F335127D5ED25007D4E2C /* Chara_BlueWalk4.png */; };
		239F335727D5ED36007D4E2C /* Chara_BlueWalk5.png in CopyFiles */ = {isa = PBXBuildFile; fileRef = 239F334B27D5ED25007D4E2C /* Chara_BlueWalk5.png */; };
		239F335827D5ED36007D4E2C /* Chara_BlueWalk6.png in CopyFiles */ = {isa = PBXBuildFile; fileRef = 239F333E27D5ED24007D4E2C /* Chara_BlueWalk6.png */; };
		239F335927D5ED36007D4E2C /* Chara_BlueWalk7.png in CopyFiles */ = {isa = PBXBuildFile; fileRef = 239F334227D5ED25007D4E2C /* Chara_BlueWalk7.png */; };
		239F335A27D5ED36007D4E2C /* Chara_BlueWalk8.png in CopyFiles */ = {isa = PBXBuildFile; fileRef = 239F334F27D5ED25007D4E2C /* Chara_BlueWalk8.png */; };
		239F335B27D5ED36007D4E2C /* Chara_BlueWalk9.png in CopyFiles */ = {isa = PBXBuildFile; fileRef = 239F334727D5ED25007D4E2C /* Chara_BlueWalk9.png */; };
		239F335C27D5ED36007D4E2C /* Chara_BlueWalk10.png in CopyFiles */ = {isa = PBXBuildFile; fileRef = 239F334427D5ED25007D4E2C /* Chara_BlueWalk10.png */; };
		239F335D27D5ED36007D4E2C /* Chara_BlueWalk11.png in CopyFiles */ = {isa = PBXBuildFile; fileRef = 239F333F27D5ED25007D4E2C /* Chara_BlueWalk11.png */; };
		239F335E27D5ED36007D4E2C /* Chara_BlueWalk12.png in CopyFiles */ = {isa = PBXBuildFile; fileRef = 239F334627D5ED25007D4E2C /* Chara_BlueWalk12.png */; };
		239F335F27D5ED36007D4E2C /* Chara_BlueWalk13.png in CopyFiles */ = {isa = PBXBuildFile; fileRef = 239F334027D5ED25007D4E2C /* Chara_BlueWalk13.png */; };
		239F336027D5ED36007D4E2C /* Chara_BlueWalk14.png in CopyFiles */ = {isa = PBXBuildFile; fileRef = 239F335027D5ED25007D4E2C /* Chara_BlueWalk14.png */; };
		239F336127D5ED36007D4E2C /* Chara_BlueWalk15.png in CopyFiles */ = {isa = PBXBuildFile; fileRef = 239F334127D5ED25007D4E2C /* Chara_BlueWalk15.png */; };
		239F336227D5ED36007D4E2C /* Chara_BlueWalk16.png in CopyFiles */ = {isa = PBXBuildFile; fileRef = 239F334827D5ED25007D4E2C /* Chara_BlueWalk16.png */; };
		239F336327D5ED36007D4E2C /* Chara_BlueWalk17.png in CopyFiles */ = {isa = PBXBuildFile; fileRef = 239F334E27D5ED25007D4E2C /* Chara_BlueWalk17.png */; };
		239F336427D5ED36007D4E2C /* Chara_BlueWalk18.png in CopyFiles */ = {isa = PBXBuildFile; fileRef = 239F334327D5ED25007D4E2C /* Chara_BlueWalk18.png */; };
		239F336527D5ED36007D4E2C /* Chara_BlueWalk19.png in CopyFiles */ = {isa = PBXBuildFile; fileRef = 239F334C27D5ED25007D4E2C /* Chara_BlueWalk19.png */; };
		239F336627D5ED36007D4E2C /* CharaWizardJump_0.png in CopyFiles */ = {isa = PBXBuildFile; fileRef = 239F333C27D5ED1B007D4E2C /* CharaWizardJump_0.png */; };
		239F336727D5ED36007D4E2C /* CharaWizardJump_1.png in CopyFiles */ = {isa = PBXBuildFile; fileRef = 239F333627D5ED1B007D4E2C /* CharaWizardJump_1.png */; };
		239F336827D5ED36007D4E2C /* CharaWizardJump_2.png in CopyFiles */ = {isa = PBXBuildFile; fileRef = 239F333927D5ED1B007D4E2C /* CharaWizardJump_2.png */; };
		239F336927D5ED36007D4E2C /* CharaWizardJump_3.png in CopyFiles */ = {isa = PBXBuildFile; fileRef = 239F333D27D5ED1B007D4E2C /* CharaWizardJump_3.png */; };
		239F336A27D5ED36007D4E2C /* CharaWizardJump_4.png in CopyFiles */ = {isa = PBXBuildFile; fileRef = 239F333A27D5ED1B007D4E2C /* CharaWizardJump_4.png */; };
		239F336B27D5ED36007D4E2C /* CharaWizardJump_5.png in CopyFiles */ = {isa = PBXBuildFile; fileRef = 239F333827D5ED1B007D4E2C /* CharaWizardJump_5.png */; };
		239F336C27D5ED36007D4E2C /* CharaWizardJump_6.png in CopyFiles */ = {isa = PBXBuildFile; fileRef = 239F333727D5ED1B007D4E2C /* CharaWizardJump_6.png */; };
		239F336D27D5ED36007D4E2C /* CharaWizardJump_7.png in CopyFiles */ = {isa = PBXBuildFile; fileRef = 239F333B27D5ED1B007D4E2C /* CharaWizardJump_7.png */; };
		239F336E27D5ED36007D4E2C /* Chara - BlueIdle0.png in CopyFiles */ = {isa = PBXBuildFile; fileRef = 239F333027D5ED12007D4E2C /* Chara - BlueIdle0.png */; };
		239F336F27D5ED36007D4E2C /* Chara - BlueIdle1.png in CopyFiles */ = {isa = PBXBuildFile; fileRef = 239F332527D5ED12007D4E2C /* Chara - BlueIdle1.png */; };
		239F337027D5ED36007D4E2C /* Chara - BlueIdle2.png in CopyFiles */ = {isa = PBXBuildFile; fileRef = 239F332C27D5ED12007D4E2C /* Chara - BlueIdle2.png */; };
		239F337127D5ED36007D4E2C /* Chara - BlueIdle3.png in CopyFiles */ = {isa = PBXBuildFile; fileRef = 239F333127D5ED12007D4E2C /* Chara - BlueIdle3.png */; };
		239F337227D5ED36007D4E2C /* Chara - BlueIdle4.png in CopyFiles */ = {isa = PBXBuildFile; fileRef = 239F332627D5ED12007D4E2C /* Chara - BlueIdle4.png */; };
		239F337327D5ED36007D4E2C /* Chara - BlueIdle5.png in CopyFiles */ = {isa = PBXBuildFile; fileRef = 239F332927D5ED12007D4E2C /* Chara - BlueIdle5.png */; };
		239F337427D5ED36007D4E2C /* Chara - BlueIdle6.png in CopyFiles */ = {isa = PBXBuildFile; fileRef = 239F332E27D5ED12007D4E2C /* Chara - BlueIdle6.png */; };
		239F337527D5ED36007D4E2C /* Chara - BlueIdle7.png in CopyFiles */ = {isa = PBXBuildFile; fileRef = 239F333227D5ED12007D4E2C /* Chara - BlueIdle7.png */; };
		239F337627D5ED36007D4E2C /* Chara - BlueIdle8.png in CopyFiles */ = {isa = PBXBuildFile; fileRef = 239F333327D5ED12007D4E2C /* Chara - BlueIdle8.png */; };
		239F337727D5ED36007D4E2C /* Chara - BlueIdle9.png in CopyFiles */ = {isa = PBXBuildFile; fileRef = 239F332F27D5ED12007D4E2C /* Chara - BlueIdle9.png */; };
		239F337827D5ED36007D4E2C /* Chara - BlueIdle10.png in CopyFiles */ = {isa = PBXBuildFile; fileRef = 239F332327D5ED11007D4E2C /* Chara - BlueIdle10.png */; };
		239F337927D5ED36007D4E2C /* Chara - BlueIdle11.png in CopyFiles */ = {isa = PBXBuildFile; fileRef = 239F333427D5ED12007D4E2C /* Chara - BlueIdle11.png */; };
		239F337A27D5ED36007D4E2C /* Chara - BlueIdle12.png in CopyFiles */ = {isa = PBXBuildFile; fileRef = 239F332427D5ED12007D4E2C /* Chara - BlueIdle12.png */; };
		239F337B27D5ED36007D4E2C /* Chara - BlueIdle13.png in CopyFiles */ = {isa = PBXBuildFile; fileRef = 239F332727D5ED12007D4E2C /* Chara - BlueIdle13.png */; };
		239F337C27D5ED36007D4E2C /* Chara - BlueIdle14.png in CopyFiles */ = {isa = PBXBuildFile; fileRef = 239F332A27D5ED12007D4E2C /* Chara - BlueIdle14.png */; };
		239F337D27D5ED36007D4E2C /* Chara - BlueIdle15.png in CopyFiles */ = {isa = PBXBuildFile; fileRef = 239F332B27D5ED12007D4E2C /* Chara - BlueIdle15.png */; };
		239F337E27D5ED36007D4E2C /* Chara - BlueIdle16.png in CopyFiles */ = {isa = PBXBuildFile; fileRef = 239F332D27D5ED12007D4E2C /* Chara - BlueIdle16.png */; };
		239F337F27D5ED36007D4E2C /* Chara - BlueIdle17.png in CopyFiles */ = {isa = PBXBuildFile; fileRef = 239F332827D5ED12007D4E2C /* Chara - BlueIdle17.png */; };
		239F338027D5ED36007D4E2C /* Chara - BlueIdle18.png in CopyFiles */ = {isa = PBXBuildFile; fileRef = 239F333527D5ED12007D4E2C /* Chara - BlueIdle18.png */; };
		239F338127D5ED36007D4E2C /* Chara - BlueIdle19.png in CopyFiles */ = {isa = PBXBuildFile; fileRef = 239F332227D5ED11007D4E2C /* Chara - BlueIdle19.png */; };
		23A4D56A27C102F9006F4220 /* thrust.ogg in CopyFiles */ = {isa = PBXBuildFile; fileRef = 23A4D56927C102F2006F4220 /* thrust.ogg */; };
		23A933B227864EA800769F69 /* sprite.cpp in Sources */ = {isa = PBXBuildFile; fileRef = 23A933AD27864EA700769F69 /* sprite.cpp */; };
		23A933B327864EA800769F69 /* animatedGraphic.cpp in Sources */ = {isa = PBXBuildFile; fileRef = 23A933AE27864EA700769F69 /* animatedGraphic.cpp */; };
		23A933B527864EA800769F69 /* gameEngine.cpp in Sources */ = {isa = PBXBuildFile; fileRef = 23A933B127864EA700769F69 /* gameEngine.cpp */; };
		23A933BB2788407F00769F69 /* keyboardHandler.cpp in Sources */ = {isa = PBXBuildFile; fileRef = 23A933B92788407F00769F69 /* keyboardHandler.cpp */; };
		23A933BE2788B4EC00769F69 /* ship.cpp in Sources */ = {isa = PBXBuildFile; fileRef = 23A933BC2788B4EC00769F69 /* ship.cpp */; };
		23A933F42790187300769F69 /* animation.cpp in Sources */ = {isa = PBXBuildFile; fileRef = 23A933F22790187300769F69 /* animation.cpp */; };
		23B177A127A3E3160094B178 /* ship.hpp in Sources */ = {isa = PBXBuildFile; fileRef = 23A933BD2788B4EC00769F69 /* ship.hpp */; };
		23B177A327A3E3160094B178 /* bullet.hpp in Sources */ = {isa = PBXBuildFile; fileRef = 23E5E2F4279A979100B62583 /* bullet.hpp */; };
		23B177A527A3E3160094B178 /* asteroid.hpp in Sources */ = {isa = PBXBuildFile; fileRef = 23E5E2FF27A302DD00B62583 /* asteroid.hpp */; };
		23B177A627A3E3160094B178 /* animatedGraphic.hpp in Sources */ = {isa = PBXBuildFile; fileRef = 23A933AC27864EA700769F69 /* animatedGraphic.hpp */; };
		23B177A727A3E3160094B178 /* animation.hpp in Sources */ = {isa = PBXBuildFile; fileRef = 23A933F32790187300769F69 /* animation.hpp */; };
		23B177A827A3E3160094B178 /* sprite.hpp in Sources */ = {isa = PBXBuildFile; fileRef = 23D5C7E827847B6200C6C916 /* sprite.hpp */; };
		23B177A927A3E3160094B178 /* keyListener.hpp in Sources */ = {isa = PBXBuildFile; fileRef = 23A933B72787617D00769F69 /* keyListener.hpp */; };
		23B177AA27A3E3160094B178 /* keyboardHandler.hpp in Sources */ = {isa = PBXBuildFile; fileRef = 23A933BA2788407F00769F69 /* keyboardHandler.hpp */; };
		23D5C7C527832B5600C6C916 /* gameEngine.hpp in Sources */ = {isa = PBXBuildFile; fileRef = 23D5C7C427832B5600C6C916 /* gameEngine.hpp */; };
		23D5C7DD27833CFD00C6C916 /* libsfml-audio.2.5.1.dylib in Frameworks */ = {isa = PBXBuildFile; fileRef = 23D5C7D827833CFD00C6C916 /* libsfml-audio.2.5.1.dylib */; };
		23D5C7DE27833CFD00C6C916 /* libsfml-graphics.2.5.1.dylib in Frameworks */ = {isa = PBXBuildFile; fileRef = 23D5C7D927833CFD00C6C916 /* libsfml-graphics.2.5.1.dylib */; };
		23D5C7DF27833CFD00C6C916 /* libsfml-network.2.5.1.dylib in Frameworks */ = {isa = PBXBuildFile; fileRef = 23D5C7DA27833CFD00C6C916 /* libsfml-network.2.5.1.dylib */; };
		23D5C7E027833CFD00C6C916 /* libsfml-system.2.5.1.dylib in Frameworks */ = {isa = PBXBuildFile; fileRef = 23D5C7DB27833CFD00C6C916 /* libsfml-system.2.5.1.dylib */; };
		23D5C7E127833CFD00C6C916 /* libsfml-window.2.5.1.dylib in Frameworks */ = {isa = PBXBuildFile; fileRef = 23D5C7DC27833CFD00C6C916 /* libsfml-window.2.5.1.dylib */; };
		23D5C7E32783432F00C6C916 /* asteroids.cpp in Sources */ = {isa = PBXBuildFile; fileRef = 23D5C7E22783432F00C6C916 /* asteroids.cpp */; };
		23E5E2F5279A979100B62583 /* bullet.cpp in Sources */ = {isa = PBXBuildFile; fileRef = 23E5E2F3279A979100B62583 /* bullet.cpp */; };
		23E5E2F7279A9C2900B62583 /* bullet.png in CopyFiles */ = {isa = PBXBuildFile; fileRef = 23E5E2F6279A9C1E00B62583 /* bullet.png */; };
		23E5E2FB279C208400B62583 /* spaceship.png in CopyFiles */ = {isa = PBXBuildFile; fileRef = 23E5E2FA279C207B00B62583 /* spaceship.png */; };
		23E5E2FD27A302C700B62583 /* asteroid.png in CopyFiles */ = {isa = PBXBuildFile; fileRef = 23E5E2FC27A302C000B62583 /* asteroid.png */; };
		23E5E30027A302DD00B62583 /* asteroid.cpp in Sources */ = {isa = PBXBuildFile; fileRef = 23E5E2FE27A302DD00B62583 /* asteroid.cpp */; };
/* End PBXBuildFile section */

/* Begin PBXCopyFilesBuildPhase section */
		23D5C7BF27832B5600C6C916 /* CopyFiles */ = {
			isa = PBXCopyFilesBuildPhase;
			buildActionMask = 12;
			dstPath = "";
			dstSubfolderSpec = 7;
			files = (
				2338646F27D634ED00DC54B4 /* platform-top-left.png in CopyFiles */,
				2338647027D634ED00DC54B4 /* platform-top-middle.png in CopyFiles */,
				2338647127D634ED00DC54B4 /* platform-top-right.png in CopyFiles */,
				239F335227D5ED36007D4E2C /* Chara_BlueWalk0.png in CopyFiles */,
				239F335327D5ED36007D4E2C /* Chara_BlueWalk1.png in CopyFiles */,
				239F335427D5ED36007D4E2C /* Chara_BlueWalk2.png in CopyFiles */,
				239F335527D5ED36007D4E2C /* Chara_BlueWalk3.png in CopyFiles */,
				239F335627D5ED36007D4E2C /* Chara_BlueWalk4.png in CopyFiles */,
				239F335727D5ED36007D4E2C /* Chara_BlueWalk5.png in CopyFiles */,
				239F335827D5ED36007D4E2C /* Chara_BlueWalk6.png in CopyFiles */,
				239F335927D5ED36007D4E2C /* Chara_BlueWalk7.png in CopyFiles */,
				239F335A27D5ED36007D4E2C /* Chara_BlueWalk8.png in CopyFiles */,
				239F335B27D5ED36007D4E2C /* Chara_BlueWalk9.png in CopyFiles */,
				239F335C27D5ED36007D4E2C /* Chara_BlueWalk10.png in CopyFiles */,
				239F335D27D5ED36007D4E2C /* Chara_BlueWalk11.png in CopyFiles */,
				239F335E27D5ED36007D4E2C /* Chara_BlueWalk12.png in CopyFiles */,
				239F335F27D5ED36007D4E2C /* Chara_BlueWalk13.png in CopyFiles */,
				239F336027D5ED36007D4E2C /* Chara_BlueWalk14.png in CopyFiles */,
				239F336127D5ED36007D4E2C /* Chara_BlueWalk15.png in CopyFiles */,
				239F336227D5ED36007D4E2C /* Chara_BlueWalk16.png in CopyFiles */,
				239F336327D5ED36007D4E2C /* Chara_BlueWalk17.png in CopyFiles */,
				239F336427D5ED36007D4E2C /* Chara_BlueWalk18.png in CopyFiles */,
				239F336527D5ED36007D4E2C /* Chara_BlueWalk19.png in CopyFiles */,
				239F336627D5ED36007D4E2C /* CharaWizardJump_0.png in CopyFiles */,
				239F336727D5ED36007D4E2C /* CharaWizardJump_1.png in CopyFiles */,
				239F336827D5ED36007D4E2C /* CharaWizardJump_2.png in CopyFiles */,
				239F336927D5ED36007D4E2C /* CharaWizardJump_3.png in CopyFiles */,
				239F336A27D5ED36007D4E2C /* CharaWizardJump_4.png in CopyFiles */,
				239F336B27D5ED36007D4E2C /* CharaWizardJump_5.png in CopyFiles */,
				239F336C27D5ED36007D4E2C /* CharaWizardJump_6.png in CopyFiles */,
				239F336D27D5ED36007D4E2C /* CharaWizardJump_7.png in CopyFiles */,
				239F336E27D5ED36007D4E2C /* Chara - BlueIdle0.png in CopyFiles */,
				239F336F27D5ED36007D4E2C /* Chara - BlueIdle1.png in CopyFiles */,
				239F337027D5ED36007D4E2C /* Chara - BlueIdle2.png in CopyFiles */,
				239F337127D5ED36007D4E2C /* Chara - BlueIdle3.png in CopyFiles */,
				239F337227D5ED36007D4E2C /* Chara - BlueIdle4.png in CopyFiles */,
				239F337327D5ED36007D4E2C /* Chara - BlueIdle5.png in CopyFiles */,
				239F337427D5ED36007D4E2C /* Chara - BlueIdle6.png in CopyFiles */,
				239F337527D5ED36007D4E2C /* Chara - BlueIdle7.png in CopyFiles */,
				239F337627D5ED36007D4E2C /* Chara - BlueIdle8.png in CopyFiles */,
				239F337727D5ED36007D4E2C /* Chara - BlueIdle9.png in CopyFiles */,
				239F337827D5ED36007D4E2C /* Chara - BlueIdle10.png in CopyFiles */,
				239F337927D5ED36007D4E2C /* Chara - BlueIdle11.png in CopyFiles */,
				239F337A27D5ED36007D4E2C /* Chara - BlueIdle12.png in CopyFiles */,
				239F337B27D5ED36007D4E2C /* Chara - BlueIdle13.png in CopyFiles */,
				239F337C27D5ED36007D4E2C /* Chara - BlueIdle14.png in CopyFiles */,
				239F337D27D5ED36007D4E2C /* Chara - BlueIdle15.png in CopyFiles */,
				239F337E27D5ED36007D4E2C /* Chara - BlueIdle16.png in CopyFiles */,
				239F337F27D5ED36007D4E2C /* Chara - BlueIdle17.png in CopyFiles */,
				239F338027D5ED36007D4E2C /* Chara - BlueIdle18.png in CopyFiles */,
				239F338127D5ED36007D4E2C /* Chara - BlueIdle19.png in CopyFiles */,
				239F32B827D3C487007D4E2C /* background-red-thingy-eyeopenleft.png in CopyFiles */,
				239F32B927D3C487007D4E2C /* background-red-thingy-eyeopenright.png in CopyFiles */,
				239F32BA27D3C487007D4E2C /* background-red-thingy-eyesclosed.png in CopyFiles */,
				239F328927D11A75007D4E2C /* floor.png in CopyFiles */,
				239F328727D0CAC0007D4E2C /* block.png in CopyFiles */,
				23A4D56A27C102F9006F4220 /* thrust.ogg in CopyFiles */,
				236D5A3527B5794E005183C5 /* music.ogg in CopyFiles */,
				236D5A3127B5707F005183C5 /* hit.ogg in CopyFiles */,
				236D5A2F27B56962005183C5 /* laser.ogg in CopyFiles */,
				236D5A2027B2C5D4005183C5 /* spaceship-thrust1.png in CopyFiles */,
				236D5A2127B2C5D4005183C5 /* spaceship-thrust2.png in CopyFiles */,
				235A526B27AD49B50008A8A0 /* background.jpeg in CopyFiles */,
				235A526927AD25440008A8A0 /* asteroid-hit.png in CopyFiles */,
				23E5E2FD27A302C700B62583 /* asteroid.png in CopyFiles */,
				23E5E2FB279C208400B62583 /* spaceship.png in CopyFiles */,
				23E5E2F7279A9C2900B62583 /* bullet.png in CopyFiles */,
			);
			runOnlyForDeploymentPostprocessing = 0;
		};
/* End PBXCopyFilesBuildPhase section */

/* Begin PBXFileReference section */
		230D483C27B9177A001F6494 /* updateThread.cpp */ = {isa = PBXFileReference; lastKnownFileType = sourcecode.cpp.cpp; path = updateThread.cpp; sourceTree = "<group>"; };
		230D483D27B9177A001F6494 /* updateThread.hpp */ = {isa = PBXFileReference; lastKnownFileType = sourcecode.cpp.h; path = updateThread.hpp; sourceTree = "<group>"; };
		2338646C27D634E900DC54B4 /* platform-top-right.png */ = {isa = PBXFileReference; lastKnownFileType = image.png; path = "platform-top-right.png"; sourceTree = "<group>"; };
		2338646D27D634E900DC54B4 /* platform-top-middle.png */ = {isa = PBXFileReference; lastKnownFileType = image.png; path = "platform-top-middle.png"; sourceTree = "<group>"; };
		2338646E27D634E900DC54B4 /* platform-top-left.png */ = {isa = PBXFileReference; lastKnownFileType = image.png; path = "platform-top-left.png"; sourceTree = "<group>"; };
		235A526227A959110008A8A0 /* geo2D.hpp */ = {isa = PBXFileReference; lastKnownFileType = sourcecode.cpp.h; path = geo2D.hpp; sourceTree = "<group>"; };
		235A526327A959790008A8A0 /* vector2D.hpp */ = {isa = PBXFileReference; lastKnownFileType = sourcecode.cpp.h; path = vector2D.hpp; sourceTree = "<group>"; };
		235A526427AA81180008A8A0 /* timing.hpp */ = {isa = PBXFileReference; lastKnownFileType = sourcecode.cpp.h; path = timing.hpp; sourceTree = "<group>"; };
		235A526527AAB29F0008A8A0 /* asteroidSpawner.cpp */ = {isa = PBXFileReference; lastKnownFileType = sourcecode.cpp.cpp; path = asteroidSpawner.cpp; sourceTree = "<group>"; };
		235A526627AAB29F0008A8A0 /* asteroidSpawner.hpp */ = {isa = PBXFileReference; lastKnownFileType = sourcecode.cpp.h; path = asteroidSpawner.hpp; sourceTree = "<group>"; };
		235A526827AD253C0008A8A0 /* asteroid-hit.png */ = {isa = PBXFileReference; lastKnownFileType = image.png; path = "asteroid-hit.png"; sourceTree = "<group>"; };
		235A526A27AD48D60008A8A0 /* background.jpeg */ = {isa = PBXFileReference; lastKnownFileType = image.jpeg; path = background.jpeg; sourceTree = "<group>"; };
		235A526C27AD72E00008A8A0 /* mathUtils.hpp */ = {isa = PBXFileReference; lastKnownFileType = sourcecode.cpp.h; path = mathUtils.hpp; sourceTree = "<group>"; };
		235A526D27AFD7090008A8A0 /* image.cpp */ = {isa = PBXFileReference; lastKnownFileType = sourcecode.cpp.cpp; path = image.cpp; sourceTree = "<group>"; };
		235A526E27AFD7090008A8A0 /* image.hpp */ = {isa = PBXFileReference; lastKnownFileType = sourcecode.cpp.h; path = image.hpp; sourceTree = "<group>"; };
		235A527827B00C760008A8A0 /* spriteCache.hpp */ = {isa = PBXFileReference; lastKnownFileType = sourcecode.cpp.h; path = spriteCache.hpp; sourceTree = "<group>"; };
		235FEC1A27C6DF5B006306C9 /* mario.cpp */ = {isa = PBXFileReference; lastKnownFileType = sourcecode.cpp.cpp; path = mario.cpp; sourceTree = "<group>"; };
		235FEC1E27C6E1F6006306C9 /* character.cpp */ = {isa = PBXFileReference; lastKnownFileType = sourcecode.cpp.cpp; path = character.cpp; sourceTree = "<group>"; };
		235FEC1F27C6E1F6006306C9 /* character.hpp */ = {isa = PBXFileReference; lastKnownFileType = sourcecode.cpp.h; path = character.hpp; sourceTree = "<group>"; };
		235FEC2227C7767B006306C9 /* drawable.hpp */ = {isa = PBXFileReference; lastKnownFileType = sourcecode.cpp.h; path = drawable.hpp; sourceTree = "<group>"; };
		236D5A1E27B2C5CC005183C5 /* spaceship-thrust2.png */ = {isa = PBXFileReference; lastKnownFileType = image.png; path = "spaceship-thrust2.png"; sourceTree = "<group>"; };
		236D5A1F27B2C5CC005183C5 /* spaceship-thrust1.png */ = {isa = PBXFileReference; lastKnownFileType = image.png; path = "spaceship-thrust1.png"; sourceTree = "<group>"; };
		236D5A2527B565A7005183C5 /* sound.cpp */ = {isa = PBXFileReference; lastKnownFileType = sourcecode.cpp.cpp; path = sound.cpp; sourceTree = "<group>"; };
		236D5A2627B565A7005183C5 /* sound.hpp */ = {isa = PBXFileReference; lastKnownFileType = sourcecode.cpp.h; path = sound.hpp; sourceTree = "<group>"; };
		236D5A2E27B5695C005183C5 /* laser.ogg */ = {isa = PBXFileReference; lastKnownFileType = file; path = laser.ogg; sourceTree = "<group>"; };
		236D5A3027B57079005183C5 /* hit.ogg */ = {isa = PBXFileReference; lastKnownFileType = file; path = hit.ogg; sourceTree = "<group>"; };
		236D5A3427B5794A005183C5 /* music.ogg */ = {isa = PBXFileReference; lastKnownFileType = file; path = music.ogg; sourceTree = "<group>"; };
		236F0BA127C77D340063E19C /* drawable.cpp */ = {isa = PBXFileReference; lastKnownFileType = sourcecode.cpp.cpp; path = drawable.cpp; sourceTree = "<group>"; };
		236F0BA427C785A70063E19C /* shape.hpp */ = {isa = PBXFileReference; lastKnownFileType = sourcecode.cpp.h; path = shape.hpp; sourceTree = "<group>"; };
		236F0BA727C786820063E19C /* rectangle.hpp */ = {isa = PBXFileReference; lastKnownFileType = sourcecode.cpp.h; path = rectangle.hpp; sourceTree = "<group>"; };
		2394CC6027CC09DF00B62AC8 /* shape.cpp */ = {isa = PBXFileReference; lastKnownFileType = sourcecode.cpp.cpp; path = shape.cpp; sourceTree = "<group>"; };
		2394CC6227CC0A2300B62AC8 /* rectangle.cpp */ = {isa = PBXFileReference; lastKnownFileType = sourcecode.cpp.cpp; path = rectangle.cpp; sourceTree = "<group>"; };
		239F327627CE7706007D4E2C /* platform.cpp */ = {isa = PBXFileReference; lastKnownFileType = sourcecode.cpp.cpp; path = platform.cpp; sourceTree = "<group>"; };
		239F327727CE7706007D4E2C /* platform.hpp */ = {isa = PBXFileReference; lastKnownFileType = sourcecode.cpp.h; path = platform.hpp; sourceTree = "<group>"; };
		239F327927CF8293007D4E2C /* scrollingWorld.cpp */ = {isa = PBXFileReference; lastKnownFileType = sourcecode.cpp.cpp; path = scrollingWorld.cpp; sourceTree = "<group>"; };
		239F327A27CF8293007D4E2C /* scrollingWorld.hpp */ = {isa = PBXFileReference; lastKnownFileType = sourcecode.cpp.h; path = scrollingWorld.hpp; sourceTree = "<group>"; };
		239F328527D0CAB5007D4E2C /* block.png */ = {isa = PBXFileReference; lastKnownFileType = image.png; path = block.png; sourceTree = "<group>"; };
		239F328827D11A6F007D4E2C /* floor.png */ = {isa = PBXFileReference; lastKnownFileType = image.png; path = floor.png; sourceTree = "<group>"; };
		239F328A27D11A98007D4E2C /* floor.cpp */ = {isa = PBXFileReference; lastKnownFileType = sourcecode.cpp.cpp; path = floor.cpp; sourceTree = "<group>"; };
		239F328B27D11A98007D4E2C /* floor.hpp */ = {isa = PBXFileReference; lastKnownFileType = sourcecode.cpp.h; path = floor.hpp; sourceTree = "<group>"; };
		239F32B527D3C47E007D4E2C /* background-red-thingy-eyeopenleft.png */ = {isa = PBXFileReference; lastKnownFileType = image.png; path = "background-red-thingy-eyeopenleft.png"; sourceTree = "<group>"; };
		239F32B627D3C47E007D4E2C /* background-red-thingy-eyeopenright.png */ = {isa = PBXFileReference; lastKnownFileType = image.png; path = "background-red-thingy-eyeopenright.png"; sourceTree = "<group>"; };
		239F32B727D3C47E007D4E2C /* background-red-thingy-eyesclosed.png */ = {isa = PBXFileReference; lastKnownFileType = image.png; path = "background-red-thingy-eyesclosed.png"; sourceTree = "<group>"; };
		239F332227D5ED11007D4E2C /* Chara - BlueIdle19.png */ = {isa = PBXFileReference; lastKnownFileType = image.png; path = "Chara - BlueIdle19.png"; sourceTree = "<group>"; };
		239F332327D5ED11007D4E2C /* Chara - BlueIdle10.png */ = {isa = PBXFileReference; lastKnownFileType = image.png; path = "Chara - BlueIdle10.png"; sourceTree = "<group>"; };
		239F332427D5ED12007D4E2C /* Chara - BlueIdle12.png */ = {isa = PBXFileReference; lastKnownFileType = image.png; path = "Chara - BlueIdle12.png"; sourceTree = "<group>"; };
		239F332527D5ED12007D4E2C /* Chara - BlueIdle1.png */ = {isa = PBXFileReference; lastKnownFileType = image.png; path = "Chara - BlueIdle1.png"; sourceTree = "<group>"; };
		239F332627D5ED12007D4E2C /* Chara - BlueIdle4.png */ = {isa = PBXFileReference; lastKnownFileType = image.png; path = "Chara - BlueIdle4.png"; sourceTree = "<group>"; };
		239F332727D5ED12007D4E2C /* Chara - BlueIdle13.png */ = {isa = PBXFileReference; lastKnownFileType = image.png; path = "Chara - BlueIdle13.png"; sourceTree = "<group>"; };
		239F332827D5ED12007D4E2C /* Chara - BlueIdle17.png */ = {isa = PBXFileReference; lastKnownFileType = image.png; path = "Chara - BlueIdle17.png"; sourceTree = "<group>"; };
		239F332927D5ED12007D4E2C /* Chara - BlueIdle5.png */ = {isa = PBXFileReference; lastKnownFileType = image.png; path = "Chara - BlueIdle5.png"; sourceTree = "<group>"; };
		239F332A27D5ED12007D4E2C /* Chara - BlueIdle14.png */ = {isa = PBXFileReference; lastKnownFileType = image.png; path = "Chara - BlueIdle14.png"; sourceTree = "<group>"; };
		239F332B27D5ED12007D4E2C /* Chara - BlueIdle15.png */ = {isa = PBXFileReference; lastKnownFileType = image.png; path = "Chara - BlueIdle15.png"; sourceTree = "<group>"; };
		239F332C27D5ED12007D4E2C /* Chara - BlueIdle2.png */ = {isa = PBXFileReference; lastKnownFileType = image.png; path = "Chara - BlueIdle2.png"; sourceTree = "<group>"; };
		239F332D27D5ED12007D4E2C /* Chara - BlueIdle16.png */ = {isa = PBXFileReference; lastKnownFileType = image.png; path = "Chara - BlueIdle16.png"; sourceTree = "<group>"; };
		239F332E27D5ED12007D4E2C /* Chara - BlueIdle6.png */ = {isa = PBXFileReference; lastKnownFileType = image.png; path = "Chara - BlueIdle6.png"; sourceTree = "<group>"; };
		239F332F27D5ED12007D4E2C /* Chara - BlueIdle9.png */ = {isa = PBXFileReference; lastKnownFileType = image.png; path = "Chara - BlueIdle9.png"; sourceTree = "<group>"; };
		239F333027D5ED12007D4E2C /* Chara - BlueIdle0.png */ = {isa = PBXFileReference; lastKnownFileType = image.png; path = "Chara - BlueIdle0.png"; sourceTree = "<group>"; };
		239F333127D5ED12007D4E2C /* Chara - BlueIdle3.png */ = {isa = PBXFileReference; lastKnownFileType = image.png; path = "Chara - BlueIdle3.png"; sourceTree = "<group>"; };
		239F333227D5ED12007D4E2C /* Chara - BlueIdle7.png */ = {isa = PBXFileReference; lastKnownFileType = image.png; path = "Chara - BlueIdle7.png"; sourceTree = "<group>"; };
		239F333327D5ED12007D4E2C /* Chara - BlueIdle8.png */ = {isa = PBXFileReference; lastKnownFileType = image.png; path = "Chara - BlueIdle8.png"; sourceTree = "<group>"; };
		239F333427D5ED12007D4E2C /* Chara - BlueIdle11.png */ = {isa = PBXFileReference; lastKnownFileType = image.png; path = "Chara - BlueIdle11.png"; sourceTree = "<group>"; };
		239F333527D5ED12007D4E2C /* Chara - BlueIdle18.png */ = {isa = PBXFileReference; lastKnownFileType = image.png; path = "Chara - BlueIdle18.png"; sourceTree = "<group>"; };
		239F333627D5ED1B007D4E2C /* CharaWizardJump_1.png */ = {isa = PBXFileReference; lastKnownFileType = image.png; path = CharaWizardJump_1.png; sourceTree = "<group>"; };
		239F333727D5ED1B007D4E2C /* CharaWizardJump_6.png */ = {isa = PBXFileReference; lastKnownFileType = image.png; path = CharaWizardJump_6.png; sourceTree = "<group>"; };
		239F333827D5ED1B007D4E2C /* CharaWizardJump_5.png */ = {isa = PBXFileReference; lastKnownFileType = image.png; path = CharaWizardJump_5.png; sourceTree = "<group>"; };
		239F333927D5ED1B007D4E2C /* CharaWizardJump_2.png */ = {isa = PBXFileReference; lastKnownFileType = image.png; path = CharaWizardJump_2.png; sourceTree = "<group>"; };
		239F333A27D5ED1B007D4E2C /* CharaWizardJump_4.png */ = {isa = PBXFileReference; lastKnownFileType = image.png; path = CharaWizardJump_4.png; sourceTree = "<group>"; };
		239F333B27D5ED1B007D4E2C /* CharaWizardJump_7.png */ = {isa = PBXFileReference; lastKnownFileType = image.png; path = CharaWizardJump_7.png; sourceTree = "<group>"; };
		239F333C27D5ED1B007D4E2C /* CharaWizardJump_0.png */ = {isa = PBXFileReference; lastKnownFileType = image.png; path = CharaWizardJump_0.png; sourceTree = "<group>"; };
		239F333D27D5ED1B007D4E2C /* CharaWizardJump_3.png */ = {isa = PBXFileReference; lastKnownFileType = image.png; path = CharaWizardJump_3.png; sourceTree = "<group>"; };
		239F333E27D5ED24007D4E2C /* Chara_BlueWalk6.png */ = {isa = PBXFileReference; lastKnownFileType = image.png; path = Chara_BlueWalk6.png; sourceTree = "<group>"; };
		239F333F27D5ED25007D4E2C /* Chara_BlueWalk11.png */ = {isa = PBXFileReference; lastKnownFileType = image.png; path = Chara_BlueWalk11.png; sourceTree = "<group>"; };
		239F334027D5ED25007D4E2C /* Chara_BlueWalk13.png */ = {isa = PBXFileReference; lastKnownFileType = image.png; path = Chara_BlueWalk13.png; sourceTree = "<group>"; };
		239F334127D5ED25007D4E2C /* Chara_BlueWalk15.png */ = {isa = PBXFileReference; lastKnownFileType = image.png; path = Chara_BlueWalk15.png; sourceTree = "<group>"; };
		239F334227D5ED25007D4E2C /* Chara_BlueWalk7.png */ = {isa = PBXFileReference; lastKnownFileType = image.png; path = Chara_BlueWalk7.png; sourceTree = "<group>"; };
		239F334327D5ED25007D4E2C /* Chara_BlueWalk18.png */ = {isa = PBXFileReference; lastKnownFileType = image.png; path = Chara_BlueWalk18.png; sourceTree = "<group>"; };
		239F334427D5ED25007D4E2C /* Chara_BlueWalk10.png */ = {isa = PBXFileReference; lastKnownFileType = image.png; path = Chara_BlueWalk10.png; sourceTree = "<group>"; };
		239F334527D5ED25007D4E2C /* Chara_BlueWalk0.png */ = {isa = PBXFileReference; lastKnownFileType = image.png; path = Chara_BlueWalk0.png; sourceTree = "<group>"; };
		239F334627D5ED25007D4E2C /* Chara_BlueWalk12.png */ = {isa = PBXFileReference; lastKnownFileType = image.png; path = Chara_BlueWalk12.png; sourceTree = "<group>"; };
		239F334727D5ED25007D4E2C /* Chara_BlueWalk9.png */ = {isa = PBXFileReference; lastKnownFileType = image.png; path = Chara_BlueWalk9.png; sourceTree = "<group>"; };
		239F334827D5ED25007D4E2C /* Chara_BlueWalk16.png */ = {isa = PBXFileReference; lastKnownFileType = image.png; path = Chara_BlueWalk16.png; sourceTree = "<group>"; };
		239F334927D5ED25007D4E2C /* Chara_BlueWalk3.png */ = {isa = PBXFileReference; lastKnownFileType = image.png; path = Chara_BlueWalk3.png; sourceTree = "<group>"; };
		239F334A27D5ED25007D4E2C /* Chara_BlueWalk2.png */ = {isa = PBXFileReference; lastKnownFileType = image.png; path = Chara_BlueWalk2.png; sourceTree = "<group>"; };
		239F334B27D5ED25007D4E2C /* Chara_BlueWalk5.png */ = {isa = PBXFileReference; lastKnownFileType = image.png; path = Chara_BlueWalk5.png; sourceTree = "<group>"; };
		239F334C27D5ED25007D4E2C /* Chara_BlueWalk19.png */ = {isa = PBXFileReference; lastKnownFileType = image.png; path = Chara_BlueWalk19.png; sourceTree = "<group>"; };
		239F334D27D5ED25007D4E2C /* Chara_BlueWalk1.png */ = {isa = PBXFileReference; lastKnownFileType = image.png; path = Chara_BlueWalk1.png; sourceTree = "<group>"; };
		239F334E27D5ED25007D4E2C /* Chara_BlueWalk17.png */ = {isa = PBXFileReference; lastKnownFileType = image.png; path = Chara_BlueWalk17.png; sourceTree = "<group>"; };
		239F334F27D5ED25007D4E2C /* Chara_BlueWalk8.png */ = {isa = PBXFileReference; lastKnownFileType = image.png; path = Chara_BlueWalk8.png; sourceTree = "<group>"; };
		239F335027D5ED25007D4E2C /* Chara_BlueWalk14.png */ = {isa = PBXFileReference; lastKnownFileType = image.png; path = Chara_BlueWalk14.png; sourceTree = "<group>"; };
		239F335127D5ED25007D4E2C /* Chara_BlueWalk4.png */ = {isa = PBXFileReference; lastKnownFileType = image.png; path = Chara_BlueWalk4.png; sourceTree = "<group>"; };
		23A4D56927C102F2006F4220 /* thrust.ogg */ = {isa = PBXFileReference; lastKnownFileType = file; path = thrust.ogg; sourceTree = "<group>"; };
		23A933AC27864EA700769F69 /* animatedGraphic.hpp */ = {isa = PBXFileReference; fileEncoding = 4; lastKnownFileType = sourcecode.cpp.h; path = animatedGraphic.hpp; sourceTree = "<group>"; };
		23A933AD27864EA700769F69 /* sprite.cpp */ = {isa = PBXFileReference; fileEncoding = 4; lastKnownFileType = sourcecode.cpp.cpp; path = sprite.cpp; sourceTree = "<group>"; };
		23A933AE27864EA700769F69 /* animatedGraphic.cpp */ = {isa = PBXFileReference; fileEncoding = 4; lastKnownFileType = sourcecode.cpp.cpp; path = animatedGraphic.cpp; sourceTree = "<group>"; };
		23A933B127864EA700769F69 /* gameEngine.cpp */ = {isa = PBXFileReference; fileEncoding = 4; lastKnownFileType = sourcecode.cpp.cpp; path = gameEngine.cpp; sourceTree = "<group>"; };
		23A933B72787617D00769F69 /* keyListener.hpp */ = {isa = PBXFileReference; lastKnownFileType = sourcecode.cpp.h; path = keyListener.hpp; sourceTree = "<group>"; };
		23A933B92788407F00769F69 /* keyboardHandler.cpp */ = {isa = PBXFileReference; lastKnownFileType = sourcecode.cpp.cpp; path = keyboardHandler.cpp; sourceTree = "<group>"; };
		23A933BA2788407F00769F69 /* keyboardHandler.hpp */ = {isa = PBXFileReference; lastKnownFileType = sourcecode.cpp.h; path = keyboardHandler.hpp; sourceTree = "<group>"; };
		23A933BC2788B4EC00769F69 /* ship.cpp */ = {isa = PBXFileReference; lastKnownFileType = sourcecode.cpp.cpp; path = ship.cpp; sourceTree = "<group>"; };
		23A933BD2788B4EC00769F69 /* ship.hpp */ = {isa = PBXFileReference; lastKnownFileType = sourcecode.cpp.h; path = ship.hpp; sourceTree = "<group>"; };
		23A933F22790187300769F69 /* animation.cpp */ = {isa = PBXFileReference; lastKnownFileType = sourcecode.cpp.cpp; path = animation.cpp; sourceTree = "<group>"; };
		23A933F32790187300769F69 /* animation.hpp */ = {isa = PBXFileReference; lastKnownFileType = sourcecode.cpp.h; path = animation.hpp; sourceTree = "<group>"; };
		23D5C7C127832B5600C6C916 /* game-engine */ = {isa = PBXFileReference; explicitFileType = "compiled.mach-o.executable"; includeInIndex = 0; path = "game-engine"; sourceTree = BUILT_PRODUCTS_DIR; };
		23D5C7C427832B5600C6C916 /* gameEngine.hpp */ = {isa = PBXFileReference; lastKnownFileType = sourcecode.cpp.h; path = gameEngine.hpp; sourceTree = "<group>"; };
		23D5C7D827833CFD00C6C916 /* libsfml-audio.2.5.1.dylib */ = {isa = PBXFileReference; lastKnownFileType = "compiled.mach-o.dylib"; name = "libsfml-audio.2.5.1.dylib"; path = "External Libraries/SFML/lib/libsfml-audio.2.5.1.dylib"; sourceTree = "<group>"; };
		23D5C7D927833CFD00C6C916 /* libsfml-graphics.2.5.1.dylib */ = {isa = PBXFileReference; lastKnownFileType = "compiled.mach-o.dylib"; name = "libsfml-graphics.2.5.1.dylib"; path = "External Libraries/SFML/lib/libsfml-graphics.2.5.1.dylib"; sourceTree = "<group>"; };
		23D5C7DA27833CFD00C6C916 /* libsfml-network.2.5.1.dylib */ = {isa = PBXFileReference; lastKnownFileType = "compiled.mach-o.dylib"; name = "libsfml-network.2.5.1.dylib"; path = "External Libraries/SFML/lib/libsfml-network.2.5.1.dylib"; sourceTree = "<group>"; };
		23D5C7DB27833CFD00C6C916 /* libsfml-system.2.5.1.dylib */ = {isa = PBXFileReference; lastKnownFileType = "compiled.mach-o.dylib"; name = "libsfml-system.2.5.1.dylib"; path = "External Libraries/SFML/lib/libsfml-system.2.5.1.dylib"; sourceTree = "<group>"; };
		23D5C7DC27833CFD00C6C916 /* libsfml-window.2.5.1.dylib */ = {isa = PBXFileReference; lastKnownFileType = "compiled.mach-o.dylib"; name = "libsfml-window.2.5.1.dylib"; path = "External Libraries/SFML/lib/libsfml-window.2.5.1.dylib"; sourceTree = "<group>"; };
		23D5C7E22783432F00C6C916 /* asteroids.cpp */ = {isa = PBXFileReference; lastKnownFileType = sourcecode.cpp.cpp; path = asteroids.cpp; sourceTree = "<group>"; };
		23D5C7E827847B6200C6C916 /* sprite.hpp */ = {isa = PBXFileReference; lastKnownFileType = sourcecode.cpp.h; path = sprite.hpp; sourceTree = "<group>"; };
		23E5E2F3279A979100B62583 /* bullet.cpp */ = {isa = PBXFileReference; lastKnownFileType = sourcecode.cpp.cpp; path = bullet.cpp; sourceTree = "<group>"; };
		23E5E2F4279A979100B62583 /* bullet.hpp */ = {isa = PBXFileReference; lastKnownFileType = sourcecode.cpp.h; path = bullet.hpp; sourceTree = "<group>"; };
		23E5E2F6279A9C1E00B62583 /* bullet.png */ = {isa = PBXFileReference; lastKnownFileType = image.png; path = bullet.png; sourceTree = "<group>"; };
		23E5E2FA279C207B00B62583 /* spaceship.png */ = {isa = PBXFileReference; lastKnownFileType = image.png; path = spaceship.png; sourceTree = "<group>"; };
		23E5E2FC27A302C000B62583 /* asteroid.png */ = {isa = PBXFileReference; lastKnownFileType = image.png; path = asteroid.png; sourceTree = "<group>"; };
		23E5E2FE27A302DD00B62583 /* asteroid.cpp */ = {isa = PBXFileReference; lastKnownFileType = sourcecode.cpp.cpp; path = asteroid.cpp; sourceTree = "<group>"; };
		23E5E2FF27A302DD00B62583 /* asteroid.hpp */ = {isa = PBXFileReference; lastKnownFileType = sourcecode.cpp.h; path = asteroid.hpp; sourceTree = "<group>"; };
/* End PBXFileReference section */

/* Begin PBXFrameworksBuildPhase section */
		23D5C7BE27832B5600C6C916 /* Frameworks */ = {
			isa = PBXFrameworksBuildPhase;
			buildActionMask = 2147483647;
			files = (
				23D5C7DD27833CFD00C6C916 /* libsfml-audio.2.5.1.dylib in Frameworks */,
				23D5C7DE27833CFD00C6C916 /* libsfml-graphics.2.5.1.dylib in Frameworks */,
				23D5C7DF27833CFD00C6C916 /* libsfml-network.2.5.1.dylib in Frameworks */,
				23D5C7E027833CFD00C6C916 /* libsfml-system.2.5.1.dylib in Frameworks */,
				23D5C7E127833CFD00C6C916 /* libsfml-window.2.5.1.dylib in Frameworks */,
			);
			runOnlyForDeploymentPostprocessing = 0;
		};
/* End PBXFrameworksBuildPhase section */

/* Begin PBXGroup section */
		2338646B27D6349800DC54B4 /* floors */ = {
			isa = PBXGroup;
			children = (
				2338646E27D634E900DC54B4 /* platform-top-left.png */,
				2338646D27D634E900DC54B4 /* platform-top-middle.png */,
				2338646C27D634E900DC54B4 /* platform-top-right.png */,
			);
			path = floors;
			sourceTree = "<group>";
		};
		235A527927B0FC7B0008A8A0 /* util */ = {
			isa = PBXGroup;
			children = (
				235A526227A959110008A8A0 /* geo2D.hpp */,
				235A526C27AD72E00008A8A0 /* mathUtils.hpp */,
				235A526427AA81180008A8A0 /* timing.hpp */,
			);
			path = util;
			sourceTree = "<group>";
		};
		235A527A27B0FC900008A8A0 /* core */ = {
			isa = PBXGroup;
			children = (
				23A4D56527BFA928006F4220 /* audio */,
				23A933B127864EA700769F69 /* gameEngine.cpp */,
				23D5C7C427832B5600C6C916 /* gameEngine.hpp */,
				23A4D56427BFA913006F4220 /* graphics */,
				23A4D56627BFA939006F4220 /* input */,
				239F327927CF8293007D4E2C /* scrollingWorld.cpp */,
				239F327A27CF8293007D4E2C /* scrollingWorld.hpp */,
				235A527827B00C760008A8A0 /* spriteCache.hpp */,
				230D483C27B9177A001F6494 /* updateThread.cpp */,
				230D483D27B9177A001F6494 /* updateThread.hpp */,
			);
			path = core;
			sourceTree = "<group>";
		};
		235FEC1927C6DF38006306C9 /* mario */ = {
			isa = PBXGroup;
			children = (
				239F328427D0CA9F007D4E2C /* assets */,
				235FEC1E27C6E1F6006306C9 /* character.cpp */,
				235FEC1F27C6E1F6006306C9 /* character.hpp */,
				239F328A27D11A98007D4E2C /* floor.cpp */,
				239F328B27D11A98007D4E2C /* floor.hpp */,
				235FEC1A27C6DF5B006306C9 /* mario.cpp */,
				239F327627CE7706007D4E2C /* platform.cpp */,
				239F327727CE7706007D4E2C /* platform.hpp */,
			);
			path = mario;
			sourceTree = "<group>";
		};
		239F328427D0CA9F007D4E2C /* assets */ = {
			isa = PBXGroup;
			children = (
				2338646B27D6349800DC54B4 /* floors */,
				239F32BE27D5E8D7007D4E2C /* wizzard */,
				239F32B527D3C47E007D4E2C /* background-red-thingy-eyeopenleft.png */,
				239F32B627D3C47E007D4E2C /* background-red-thingy-eyeopenright.png */,
				239F32B727D3C47E007D4E2C /* background-red-thingy-eyesclosed.png */,
				239F328827D11A6F007D4E2C /* floor.png */,
				239F328527D0CAB5007D4E2C /* block.png */,
			);
			path = assets;
			sourceTree = "<group>";
		};
		239F32BE27D5E8D7007D4E2C /* wizzard */ = {
			isa = PBXGroup;
			children = (
				239F32DD27D5E923007D4E2C /* walk */,
				239F32D427D5E911007D4E2C /* jump */,
				239F32BF27D5E8EA007D4E2C /* idle */,
			);
			path = wizzard;
			sourceTree = "<group>";
		};
		239F32BF27D5E8EA007D4E2C /* idle */ = {
			isa = PBXGroup;
			children = (
				239F333027D5ED12007D4E2C /* Chara - BlueIdle0.png */,
				239F332527D5ED12007D4E2C /* Chara - BlueIdle1.png */,
				239F332C27D5ED12007D4E2C /* Chara - BlueIdle2.png */,
				239F333127D5ED12007D4E2C /* Chara - BlueIdle3.png */,
				239F332627D5ED12007D4E2C /* Chara - BlueIdle4.png */,
				239F332927D5ED12007D4E2C /* Chara - BlueIdle5.png */,
				239F332E27D5ED12007D4E2C /* Chara - BlueIdle6.png */,
				239F333227D5ED12007D4E2C /* Chara - BlueIdle7.png */,
				239F333327D5ED12007D4E2C /* Chara - BlueIdle8.png */,
				239F332F27D5ED12007D4E2C /* Chara - BlueIdle9.png */,
				239F332327D5ED11007D4E2C /* Chara - BlueIdle10.png */,
				239F333427D5ED12007D4E2C /* Chara - BlueIdle11.png */,
				239F332427D5ED12007D4E2C /* Chara - BlueIdle12.png */,
				239F332727D5ED12007D4E2C /* Chara - BlueIdle13.png */,
				239F332A27D5ED12007D4E2C /* Chara - BlueIdle14.png */,
				239F332B27D5ED12007D4E2C /* Chara - BlueIdle15.png */,
				239F332D27D5ED12007D4E2C /* Chara - BlueIdle16.png */,
				239F332827D5ED12007D4E2C /* Chara - BlueIdle17.png */,
				239F333527D5ED12007D4E2C /* Chara - BlueIdle18.png */,
				239F332227D5ED11007D4E2C /* Chara - BlueIdle19.png */,
			);
			path = idle;
			sourceTree = "<group>";
		};
		239F32D427D5E911007D4E2C /* jump */ = {
			isa = PBXGroup;
			children = (
				239F333C27D5ED1B007D4E2C /* CharaWizardJump_0.png */,
				239F333627D5ED1B007D4E2C /* CharaWizardJump_1.png */,
				239F333927D5ED1B007D4E2C /* CharaWizardJump_2.png */,
				239F333D27D5ED1B007D4E2C /* CharaWizardJump_3.png */,
				239F333A27D5ED1B007D4E2C /* CharaWizardJump_4.png */,
				239F333827D5ED1B007D4E2C /* CharaWizardJump_5.png */,
				239F333727D5ED1B007D4E2C /* CharaWizardJump_6.png */,
				239F333B27D5ED1B007D4E2C /* CharaWizardJump_7.png */,
			);
			path = jump;
			sourceTree = "<group>";
		};
		239F32DD27D5E923007D4E2C /* walk */ = {
			isa = PBXGroup;
			children = (
				239F334527D5ED25007D4E2C /* Chara_BlueWalk0.png */,
				239F334D27D5ED25007D4E2C /* Chara_BlueWalk1.png */,
				239F334A27D5ED25007D4E2C /* Chara_BlueWalk2.png */,
				239F334927D5ED25007D4E2C /* Chara_BlueWalk3.png */,
				239F335127D5ED25007D4E2C /* Chara_BlueWalk4.png */,
				239F334B27D5ED25007D4E2C /* Chara_BlueWalk5.png */,
				239F333E27D5ED24007D4E2C /* Chara_BlueWalk6.png */,
				239F334227D5ED25007D4E2C /* Chara_BlueWalk7.png */,
				239F334F27D5ED25007D4E2C /* Chara_BlueWalk8.png */,
				239F334727D5ED25007D4E2C /* Chara_BlueWalk9.png */,
				239F334427D5ED25007D4E2C /* Chara_BlueWalk10.png */,
				239F333F27D5ED25007D4E2C /* Chara_BlueWalk11.png */,
				239F334627D5ED25007D4E2C /* Chara_BlueWalk12.png */,
				239F334027D5ED25007D4E2C /* Chara_BlueWalk13.png */,
				239F335027D5ED25007D4E2C /* Chara_BlueWalk14.png */,
				239F334127D5ED25007D4E2C /* Chara_BlueWalk15.png */,
				239F334827D5ED25007D4E2C /* Chara_BlueWalk16.png */,
				239F334E27D5ED25007D4E2C /* Chara_BlueWalk17.png */,
				239F334327D5ED25007D4E2C /* Chara_BlueWalk18.png */,
				239F334C27D5ED25007D4E2C /* Chara_BlueWalk19.png */,
			);
			path = walk;
			sourceTree = "<group>";
		};
		23A4D56427BFA913006F4220 /* graphics */ = {
			isa = PBXGroup;
			children = (
				23A933F22790187300769F69 /* animation.cpp */,
				23A933F32790187300769F69 /* animation.hpp */,
				236F0BA127C77D340063E19C /* drawable.cpp */,
				235FEC2227C7767B006306C9 /* drawable.hpp */,
				23A933AE27864EA700769F69 /* animatedGraphic.cpp */,
				23A933AC27864EA700769F69 /* animatedGraphic.hpp */,
				235A526D27AFD7090008A8A0 /* image.cpp */,
				235A526E27AFD7090008A8A0 /* image.hpp */,
				2394CC6227CC0A2300B62AC8 /* rectangle.cpp */,
				236F0BA727C786820063E19C /* rectangle.hpp */,
				2394CC6027CC09DF00B62AC8 /* shape.cpp */,
				236F0BA427C785A70063E19C /* shape.hpp */,
				23A933AD27864EA700769F69 /* sprite.cpp */,
				23D5C7E827847B6200C6C916 /* sprite.hpp */,
				235A526327A959790008A8A0 /* vector2D.hpp */,
			);
			path = graphics;
			sourceTree = "<group>";
		};
		23A4D56527BFA928006F4220 /* audio */ = {
			isa = PBXGroup;
			children = (
				236D5A2527B565A7005183C5 /* sound.cpp */,
				236D5A2627B565A7005183C5 /* sound.hpp */,
			);
			path = audio;
			sourceTree = "<group>";
		};
		23A4D56627BFA939006F4220 /* input */ = {
			isa = PBXGroup;
			children = (
				23A933B92788407F00769F69 /* keyboardHandler.cpp */,
				23A933BA2788407F00769F69 /* keyboardHandler.hpp */,
				23A933B72787617D00769F69 /* keyListener.hpp */,
			);
			path = input;
			sourceTree = "<group>";
		};
		23D5C7B827832B5600C6C916 = {
			isa = PBXGroup;
			children = (
				235FEC1927C6DF38006306C9 /* mario */,
				23D5C7E727847B3000C6C916 /* asteroids */,
				23D5C7C327832B5600C6C916 /* game-engine */,
				23D5C7C227832B5600C6C916 /* Products */,
				23D5C7CB27832BE500C6C916 /* Frameworks */,
			);
			sourceTree = "<group>";
		};
		23D5C7C227832B5600C6C916 /* Products */ = {
			isa = PBXGroup;
			children = (
				23D5C7C127832B5600C6C916 /* game-engine */,
			);
			name = Products;
			sourceTree = "<group>";
		};
		23D5C7C327832B5600C6C916 /* game-engine */ = {
			isa = PBXGroup;
			children = (
				235A527A27B0FC900008A8A0 /* core */,
				235A527927B0FC7B0008A8A0 /* util */,
			);
			path = "game-engine";
			sourceTree = "<group>";
		};
		23D5C7CB27832BE500C6C916 /* Frameworks */ = {
			isa = PBXGroup;
			children = (
				23D5C7D827833CFD00C6C916 /* libsfml-audio.2.5.1.dylib */,
				23D5C7D927833CFD00C6C916 /* libsfml-graphics.2.5.1.dylib */,
				23D5C7DA27833CFD00C6C916 /* libsfml-network.2.5.1.dylib */,
				23D5C7DB27833CFD00C6C916 /* libsfml-system.2.5.1.dylib */,
				23D5C7DC27833CFD00C6C916 /* libsfml-window.2.5.1.dylib */,
			);
			name = Frameworks;
			sourceTree = "<group>";
		};
		23D5C7E4278357D400C6C916 /* assets */ = {
			isa = PBXGroup;
			children = (
				23A4D56927C102F2006F4220 /* thrust.ogg */,
				236D5A3427B5794A005183C5 /* music.ogg */,
				236D5A3027B57079005183C5 /* hit.ogg */,
				236D5A2E27B5695C005183C5 /* laser.ogg */,
				236D5A1F27B2C5CC005183C5 /* spaceship-thrust1.png */,
				236D5A1E27B2C5CC005183C5 /* spaceship-thrust2.png */,
				235A526A27AD48D60008A8A0 /* background.jpeg */,
				235A526827AD253C0008A8A0 /* asteroid-hit.png */,
				23E5E2FC27A302C000B62583 /* asteroid.png */,
				23E5E2FA279C207B00B62583 /* spaceship.png */,
				23E5E2F6279A9C1E00B62583 /* bullet.png */,
			);
			path = assets;
			sourceTree = "<group>";
		};
		23D5C7E727847B3000C6C916 /* asteroids */ = {
			isa = PBXGroup;
			children = (
				23D5C7E4278357D400C6C916 /* assets */,
				23E5E2FE27A302DD00B62583 /* asteroid.cpp */,
				23E5E2FF27A302DD00B62583 /* asteroid.hpp */,
				23D5C7E22783432F00C6C916 /* asteroids.cpp */,
				235A526527AAB29F0008A8A0 /* asteroidSpawner.cpp */,
				235A526627AAB29F0008A8A0 /* asteroidSpawner.hpp */,
				23E5E2F3279A979100B62583 /* bullet.cpp */,
				23E5E2F4279A979100B62583 /* bullet.hpp */,
				23A933BC2788B4EC00769F69 /* ship.cpp */,
				23A933BD2788B4EC00769F69 /* ship.hpp */,
			);
			path = asteroids;
			sourceTree = "<group>";
		};
/* End PBXGroup section */

/* Begin PBXNativeTarget section */
		23D5C7C027832B5600C6C916 /* game-engine */ = {
			isa = PBXNativeTarget;
			buildConfigurationList = 23D5C7C827832B5600C6C916 /* Build configuration list for PBXNativeTarget "game-engine" */;
			buildPhases = (
				23D5C7BD27832B5600C6C916 /* Sources */,
				23D5C7BE27832B5600C6C916 /* Frameworks */,
				23D5C7BF27832B5600C6C916 /* CopyFiles */,
			);
			buildRules = (
			);
			dependencies = (
			);
			name = "game-engine";
			productName = "game-engine";
			productReference = 23D5C7C127832B5600C6C916 /* game-engine */;
			productType = "com.apple.product-type.tool";
		};
/* End PBXNativeTarget section */

/* Begin PBXProject section */
		23D5C7B927832B5600C6C916 /* Project object */ = {
			isa = PBXProject;
			attributes = {
				BuildIndependentTargetsInParallel = 1;
				LastUpgradeCheck = 1320;
				TargetAttributes = {
					23D5C7C027832B5600C6C916 = {
						CreatedOnToolsVersion = 13.2.1;
					};
				};
			};
			buildConfigurationList = 23D5C7BC27832B5600C6C916 /* Build configuration list for PBXProject "game-engine" */;
			compatibilityVersion = "Xcode 13.0";
			developmentRegion = en;
			hasScannedForEncodings = 0;
			knownRegions = (
				en,
				Base,
			);
			mainGroup = 23D5C7B827832B5600C6C916;
			productRefGroup = 23D5C7C227832B5600C6C916 /* Products */;
			projectDirPath = "";
			projectRoot = "";
			targets = (
				23D5C7C027832B5600C6C916 /* game-engine */,
			);
		};
/* End PBXProject section */

/* Begin PBXSourcesBuildPhase section */
		23D5C7BD27832B5600C6C916 /* Sources */ = {
			isa = PBXSourcesBuildPhase;
			buildActionMask = 2147483647;
			files = (
				235A526F27AFD7090008A8A0 /* image.cpp in Sources */,
				23B177A127A3E3160094B178 /* ship.hpp in Sources */,
				23B177A327A3E3160094B178 /* bullet.hpp in Sources */,
				236F0BA227C77D340063E19C /* drawable.cpp in Sources */,
				23B177A527A3E3160094B178 /* asteroid.hpp in Sources */,
				23B177A627A3E3160094B178 /* animatedGraphic.hpp in Sources */,
				239F328C27D11A98007D4E2C /* floor.cpp in Sources */,
				239F327827CE7706007D4E2C /* platform.cpp in Sources */,
				23B177A727A3E3160094B178 /* animation.hpp in Sources */,
				23B177A827A3E3160094B178 /* sprite.hpp in Sources */,
				23B177A927A3E3160094B178 /* keyListener.hpp in Sources */,
				2394CC6127CC09DF00B62AC8 /* shape.cpp in Sources */,
				239F327B27CF8293007D4E2C /* scrollingWorld.cpp in Sources */,
				235A526727AAB2A00008A8A0 /* asteroidSpawner.cpp in Sources */,
				235FEC2027C6E1F6006306C9 /* character.cpp in Sources */,
				23B177AA27A3E3160094B178 /* keyboardHandler.hpp in Sources */,
				235FEC1B27C6DF5B006306C9 /* mario.cpp in Sources */,
				23E5E30027A302DD00B62583 /* asteroid.cpp in Sources */,
				2394CC6327CC0A2300B62AC8 /* rectangle.cpp in Sources */,
				23A933BE2788B4EC00769F69 /* ship.cpp in Sources */,
				23E5E2F5279A979100B62583 /* bullet.cpp in Sources */,
				23D5C7C527832B5600C6C916 /* gameEngine.hpp in Sources */,
				236D5A2727B565A7005183C5 /* sound.cpp in Sources */,
				23A933B527864EA800769F69 /* gameEngine.cpp in Sources */,
				23D5C7E32783432F00C6C916 /* asteroids.cpp in Sources */,
				230D483E27B9177A001F6494 /* updateThread.cpp in Sources */,
				23A933B327864EA800769F69 /* animatedGraphic.cpp in Sources */,
				23A933BB2788407F00769F69 /* keyboardHandler.cpp in Sources */,
				23A933B227864EA800769F69 /* sprite.cpp in Sources */,
				23A933F42790187300769F69 /* animation.cpp in Sources */,
			);
			runOnlyForDeploymentPostprocessing = 0;
		};
/* End PBXSourcesBuildPhase section */

/* Begin XCBuildConfiguration section */
		23D5C7C627832B5600C6C916 /* Debug */ = {
			isa = XCBuildConfiguration;
			buildSettings = {
				ALWAYS_SEARCH_USER_PATHS = NO;
				CLANG_ANALYZER_NONNULL = YES;
				CLANG_ANALYZER_NUMBER_OBJECT_CONVERSION = YES_AGGRESSIVE;
				CLANG_CXX_LANGUAGE_STANDARD = "gnu++17";
				CLANG_CXX_LIBRARY = "libc++";
				CLANG_ENABLE_MODULES = YES;
				CLANG_ENABLE_OBJC_ARC = YES;
				CLANG_ENABLE_OBJC_WEAK = YES;
				CLANG_WARN_BLOCK_CAPTURE_AUTORELEASING = YES;
				CLANG_WARN_BOOL_CONVERSION = YES;
				CLANG_WARN_COMMA = YES;
				CLANG_WARN_CONSTANT_CONVERSION = YES;
				CLANG_WARN_DEPRECATED_OBJC_IMPLEMENTATIONS = YES;
				CLANG_WARN_DIRECT_OBJC_ISA_USAGE = YES_ERROR;
				CLANG_WARN_DOCUMENTATION_COMMENTS = YES;
				CLANG_WARN_EMPTY_BODY = YES;
				CLANG_WARN_ENUM_CONVERSION = YES;
				CLANG_WARN_INFINITE_RECURSION = YES;
				CLANG_WARN_INT_CONVERSION = YES;
				CLANG_WARN_NON_LITERAL_NULL_CONVERSION = YES;
				CLANG_WARN_OBJC_IMPLICIT_RETAIN_SELF = YES;
				CLANG_WARN_OBJC_LITERAL_CONVERSION = YES;
				CLANG_WARN_OBJC_ROOT_CLASS = YES_ERROR;
				CLANG_WARN_QUOTED_INCLUDE_IN_FRAMEWORK_HEADER = YES;
				CLANG_WARN_RANGE_LOOP_ANALYSIS = YES;
				CLANG_WARN_STRICT_PROTOTYPES = YES;
				CLANG_WARN_SUSPICIOUS_MOVE = YES;
				CLANG_WARN_UNGUARDED_AVAILABILITY = YES_AGGRESSIVE;
				CLANG_WARN_UNREACHABLE_CODE = YES;
				CLANG_WARN__DUPLICATE_METHOD_MATCH = YES;
				COPY_PHASE_STRIP = NO;
				DEBUG_INFORMATION_FORMAT = dwarf;
				ENABLE_STRICT_OBJC_MSGSEND = YES;
				ENABLE_TESTABILITY = YES;
				GCC_C_LANGUAGE_STANDARD = gnu11;
				GCC_DYNAMIC_NO_PIC = NO;
				GCC_NO_COMMON_BLOCKS = YES;
				GCC_OPTIMIZATION_LEVEL = 0;
				GCC_PREPROCESSOR_DEFINITIONS = (
					"DEBUG=1",
					"$(inherited)",
				);
				GCC_WARN_64_TO_32_BIT_CONVERSION = YES;
				GCC_WARN_ABOUT_RETURN_TYPE = YES_ERROR;
				GCC_WARN_UNDECLARED_SELECTOR = YES;
				GCC_WARN_UNINITIALIZED_AUTOS = YES_AGGRESSIVE;
				GCC_WARN_UNUSED_FUNCTION = YES;
				GCC_WARN_UNUSED_VARIABLE = YES;
				MACOSX_DEPLOYMENT_TARGET = 11.6;
				MTL_ENABLE_DEBUG_INFO = INCLUDE_SOURCE;
				MTL_FAST_MATH = YES;
				ONLY_ACTIVE_ARCH = YES;
				SDKROOT = macosx;
			};
			name = Debug;
		};
		23D5C7C727832B5600C6C916 /* Release */ = {
			isa = XCBuildConfiguration;
			buildSettings = {
				ALWAYS_SEARCH_USER_PATHS = NO;
				CLANG_ANALYZER_NONNULL = YES;
				CLANG_ANALYZER_NUMBER_OBJECT_CONVERSION = YES_AGGRESSIVE;
				CLANG_CXX_LANGUAGE_STANDARD = "gnu++17";
				CLANG_CXX_LIBRARY = "libc++";
				CLANG_ENABLE_MODULES = YES;
				CLANG_ENABLE_OBJC_ARC = YES;
				CLANG_ENABLE_OBJC_WEAK = YES;
				CLANG_WARN_BLOCK_CAPTURE_AUTORELEASING = YES;
				CLANG_WARN_BOOL_CONVERSION = YES;
				CLANG_WARN_COMMA = YES;
				CLANG_WARN_CONSTANT_CONVERSION = YES;
				CLANG_WARN_DEPRECATED_OBJC_IMPLEMENTATIONS = YES;
				CLANG_WARN_DIRECT_OBJC_ISA_USAGE = YES_ERROR;
				CLANG_WARN_DOCUMENTATION_COMMENTS = YES;
				CLANG_WARN_EMPTY_BODY = YES;
				CLANG_WARN_ENUM_CONVERSION = YES;
				CLANG_WARN_INFINITE_RECURSION = YES;
				CLANG_WARN_INT_CONVERSION = YES;
				CLANG_WARN_NON_LITERAL_NULL_CONVERSION = YES;
				CLANG_WARN_OBJC_IMPLICIT_RETAIN_SELF = YES;
				CLANG_WARN_OBJC_LITERAL_CONVERSION = YES;
				CLANG_WARN_OBJC_ROOT_CLASS = YES_ERROR;
				CLANG_WARN_QUOTED_INCLUDE_IN_FRAMEWORK_HEADER = YES;
				CLANG_WARN_RANGE_LOOP_ANALYSIS = YES;
				CLANG_WARN_STRICT_PROTOTYPES = YES;
				CLANG_WARN_SUSPICIOUS_MOVE = YES;
				CLANG_WARN_UNGUARDED_AVAILABILITY = YES_AGGRESSIVE;
				CLANG_WARN_UNREACHABLE_CODE = YES;
				CLANG_WARN__DUPLICATE_METHOD_MATCH = YES;
				COPY_PHASE_STRIP = NO;
				DEBUG_INFORMATION_FORMAT = "dwarf-with-dsym";
				ENABLE_NS_ASSERTIONS = NO;
				ENABLE_STRICT_OBJC_MSGSEND = YES;
				GCC_C_LANGUAGE_STANDARD = gnu11;
				GCC_NO_COMMON_BLOCKS = YES;
				GCC_WARN_64_TO_32_BIT_CONVERSION = YES;
				GCC_WARN_ABOUT_RETURN_TYPE = YES_ERROR;
				GCC_WARN_UNDECLARED_SELECTOR = YES;
				GCC_WARN_UNINITIALIZED_AUTOS = YES_AGGRESSIVE;
				GCC_WARN_UNUSED_FUNCTION = YES;
				GCC_WARN_UNUSED_VARIABLE = YES;
				MACOSX_DEPLOYMENT_TARGET = 11.6;
				MTL_ENABLE_DEBUG_INFO = NO;
				MTL_FAST_MATH = YES;
				SDKROOT = macosx;
			};
			name = Release;
		};
		23D5C7C927832B5600C6C916 /* Debug */ = {
			isa = XCBuildConfiguration;
			buildSettings = {
				CODE_SIGN_STYLE = Automatic;
				HEADER_SEARCH_PATHS = "\"${SRCROOT}/External Libraries/SFML/include\"";
				LIBRARY_SEARCH_PATHS = (
					"$(inherited)",
					"\"${SRCROOT}/External Libraries/SFML/lib\"",
					"$(PROJECT_DIR)/External\\ Libraries/SFML/lib",
					"$(PROJECT_DIR)/External\\ Libraries/SFML/lib",
					"$(PROJECT_DIR)/External\\ Libraries/SFML/lib",
					"$(PROJECT_DIR)/External\\ Libraries/SFML/lib",
					"$(PROJECT_DIR)/External\\ Libraries/SFML/lib",
				);
				PRODUCT_NAME = "$(TARGET_NAME)";
			};
			name = Debug;
		};
		23D5C7CA27832B5600C6C916 /* Release */ = {
			isa = XCBuildConfiguration;
			buildSettings = {
				CODE_SIGN_STYLE = Automatic;
				HEADER_SEARCH_PATHS = "\"${SRCROOT}/External Libraries/SFML/include\"";
				LIBRARY_SEARCH_PATHS = (
					"$(inherited)",
					"\"${SRCROOT}/External Libraries/SFML/lib\"",
					"$(PROJECT_DIR)/External\\ Libraries/SFML/lib",
					"$(PROJECT_DIR)/External\\ Libraries/SFML/lib",
					"$(PROJECT_DIR)/External\\ Libraries/SFML/lib",
					"$(PROJECT_DIR)/External\\ Libraries/SFML/lib",
					"$(PROJECT_DIR)/External\\ Libraries/SFML/lib",
				);
				PRODUCT_NAME = "$(TARGET_NAME)";
			};
			name = Release;
		};
/* End XCBuildConfiguration section */

/* Begin XCConfigurationList section */
		23D5C7BC27832B5600C6C916 /* Build configuration list for PBXProject "game-engine" */ = {
			isa = XCConfigurationList;
			buildConfigurations = (
				23D5C7C627832B5600C6C916 /* Debug */,
				23D5C7C727832B5600C6C916 /* Release */,
			);
			defaultConfigurationIsVisible = 0;
			defaultConfigurationName = Release;
		};
		23D5C7C827832B5600C6C916 /* Build configuration list for PBXNativeTarget "game-engine" */ = {
			isa = XCConfigurationList;
			buildConfigurations = (
				23D5C7C927832B5600C6C916 /* Debug */,
				23D5C7CA27832B5600C6C916 /* Release */,
			);
			defaultConfigurationIsVisible = 0;
			defaultConfigurationName = Release;
		};
/* End XCConfigurationList section */
	};
	rootObject = 23D5C7B927832B5600C6C916 /* Project object */;
}
